
Microsoft Visual Studio Solution File, Format Version 12.00
# Visual Studio 15
VisualStudioVersion = 15.0.26403.7
MinimumVisualStudioVersion = 10.0.40219.1
Project("{FAE04EC0-301F-11D3-BF4B-00C04F79EFBC}") = "conditional statements and loops", "conditional statements and loops\conditional statements and loops.csproj", "{77E863F0-3406-4CFE-B099-E225039E1226}"
EndProject
Project("{FAE04EC0-301F-11D3-BF4B-00C04F79EFBC}") = "Passed", "Passed\Passed.csproj", "{F6B1FFE9-485B-412F-8D15-8B632F389024}"
EndProject
Project("{FAE04EC0-301F-11D3-BF4B-00C04F79EFBC}") = "Back in 30 min", "Back in 30 min\Back in 30 min.csproj", "{5D073ACC-3760-4726-9AB1-81A9A6606902}"
EndProject
Project("{FAE04EC0-301F-11D3-BF4B-00C04F79EFBC}") = "Choose a drink", "Choose a drink\Choose a drink.csproj", "{E6C5D128-ED47-4BFD-82A9-6A00C5CCCCE7}"
EndProject
Project("{FAE04EC0-301F-11D3-BF4B-00C04F79EFBC}") = "restaurant discount", "restaurant discount\restaurant discount.csproj", "{2AE17757-BD7F-4CCA-A385-B3D9CF3E3D76}"
EndProject
Project("{FAE04EC0-301F-11D3-BF4B-00C04F79EFBC}") = "hotel", "hotel\hotel.csproj", "{AE941D5B-7C65-474B-AB29-2C086FA43064}"
EndProject
Project("{FAE04EC0-301F-11D3-BF4B-00C04F79EFBC}") = "Word in Plural", "Word in Plural\Word in Plural.csproj", "{AACDC4FE-4D27-4AD5-81DB-43108ED70440}"
EndProject
Project("{FAE04EC0-301F-11D3-BF4B-00C04F79EFBC}") = "Interval of Numbers", "Interval of Numbers\Interval of Numbers.csproj", "{0733AB53-6CE8-4B67-8CE7-39CB733B1CBE}"
EndProject
Project("{FAE04EC0-301F-11D3-BF4B-00C04F79EFBC}") = "Cake Ingredients", "Cake Ingredients\Cake Ingredients.csproj", "{58626EF7-25EA-4A7C-9B9B-A87D5C123A50}"
EndProject
Project("{FAE04EC0-301F-11D3-BF4B-00C04F79EFBC}") = "Calories Counter", "Calories Counter\Calories Counter.csproj", "{2A270CBB-48F3-413E-973F-35FE54C5211D}"
EndProject
Project("{FAE04EC0-301F-11D3-BF4B-00C04F79EFBC}") = "Couont the integers", "Couont the integers\Couont the integers.csproj", "{71F7DA49-D06C-4F15-BAFC-D0CC13C51314}"
EndProject
Global
	GlobalSection(SolutionConfigurationPlatforms) = preSolution
		Debug|Any CPU = Debug|Any CPU
		Debug|ARM = Debug|ARM
		Debug|x64 = Debug|x64
		Debug|x86 = Debug|x86
		Release|Any CPU = Release|Any CPU
		Release|ARM = Release|ARM
		Release|x64 = Release|x64
		Release|x86 = Release|x86
	EndGlobalSection
	GlobalSection(ProjectConfigurationPlatforms) = postSolution
		{77E863F0-3406-4CFE-B099-E225039E1226}.Debug|Any CPU.ActiveCfg = Debug|x86
		{77E863F0-3406-4CFE-B099-E225039E1226}.Debug|ARM.ActiveCfg = Debug|ARM
		{77E863F0-3406-4CFE-B099-E225039E1226}.Debug|ARM.Build.0 = Debug|ARM
		{77E863F0-3406-4CFE-B099-E225039E1226}.Debug|ARM.Deploy.0 = Debug|ARM
		{77E863F0-3406-4CFE-B099-E225039E1226}.Debug|x64.ActiveCfg = Debug|x64
		{77E863F0-3406-4CFE-B099-E225039E1226}.Debug|x64.Build.0 = Debug|x64
		{77E863F0-3406-4CFE-B099-E225039E1226}.Debug|x64.Deploy.0 = Debug|x64
		{77E863F0-3406-4CFE-B099-E225039E1226}.Debug|x86.ActiveCfg = Debug|x86
		{77E863F0-3406-4CFE-B099-E225039E1226}.Debug|x86.Build.0 = Debug|x86
		{77E863F0-3406-4CFE-B099-E225039E1226}.Debug|x86.Deploy.0 = Debug|x86
		{77E863F0-3406-4CFE-B099-E225039E1226}.Release|Any CPU.ActiveCfg = Release|x86
		{77E863F0-3406-4CFE-B099-E225039E1226}.Release|ARM.ActiveCfg = Release|ARM
		{77E863F0-3406-4CFE-B099-E225039E1226}.Release|ARM.Build.0 = Release|ARM
		{77E863F0-3406-4CFE-B099-E225039E1226}.Release|ARM.Deploy.0 = Release|ARM
		{77E863F0-3406-4CFE-B099-E225039E1226}.Release|x64.ActiveCfg = Release|x64
		{77E863F0-3406-4CFE-B099-E225039E1226}.Release|x64.Build.0 = Release|x64
		{77E863F0-3406-4CFE-B099-E225039E1226}.Release|x64.Deploy.0 = Release|x64
		{77E863F0-3406-4CFE-B099-E225039E1226}.Release|x86.ActiveCfg = Release|x86
		{77E863F0-3406-4CFE-B099-E225039E1226}.Release|x86.Build.0 = Release|x86
		{77E863F0-3406-4CFE-B099-E225039E1226}.Release|x86.Deploy.0 = Release|x86
		{F6B1FFE9-485B-412F-8D15-8B632F389024}.Debug|Any CPU.ActiveCfg = Debug|Any CPU
		{F6B1FFE9-485B-412F-8D15-8B632F389024}.Debug|Any CPU.Build.0 = Debug|Any CPU
		{F6B1FFE9-485B-412F-8D15-8B632F389024}.Debug|ARM.ActiveCfg = Debug|Any CPU
		{F6B1FFE9-485B-412F-8D15-8B632F389024}.Debug|ARM.Build.0 = Debug|Any CPU
		{F6B1FFE9-485B-412F-8D15-8B632F389024}.Debug|x64.ActiveCfg = Debug|Any CPU
		{F6B1FFE9-485B-412F-8D15-8B632F389024}.Debug|x64.Build.0 = Debug|Any CPU
		{F6B1FFE9-485B-412F-8D15-8B632F389024}.Debug|x86.ActiveCfg = Debug|Any CPU
		{F6B1FFE9-485B-412F-8D15-8B632F389024}.Debug|x86.Build.0 = Debug|Any CPU
		{F6B1FFE9-485B-412F-8D15-8B632F389024}.Release|Any CPU.ActiveCfg = Release|Any CPU
		{F6B1FFE9-485B-412F-8D15-8B632F389024}.Release|Any CPU.Build.0 = Release|Any CPU
		{F6B1FFE9-485B-412F-8D15-8B632F389024}.Release|ARM.ActiveCfg = Release|Any CPU
		{F6B1FFE9-485B-412F-8D15-8B632F389024}.Release|ARM.Build.0 = Release|Any CPU
		{F6B1FFE9-485B-412F-8D15-8B632F389024}.Release|x64.ActiveCfg = Release|Any CPU
		{F6B1FFE9-485B-412F-8D15-8B632F389024}.Release|x64.Build.0 = Release|Any CPU
		{F6B1FFE9-485B-412F-8D15-8B632F389024}.Release|x86.ActiveCfg = Release|Any CPU
		{F6B1FFE9-485B-412F-8D15-8B632F389024}.Release|x86.Build.0 = Release|Any CPU
		{5D073ACC-3760-4726-9AB1-81A9A6606902}.Debug|Any CPU.ActiveCfg = Debug|Any CPU
		{5D073ACC-3760-4726-9AB1-81A9A6606902}.Debug|Any CPU.Build.0 = Debug|Any CPU
		{5D073ACC-3760-4726-9AB1-81A9A6606902}.Debug|ARM.ActiveCfg = Debug|Any CPU
		{5D073ACC-3760-4726-9AB1-81A9A6606902}.Debug|ARM.Build.0 = Debug|Any CPU
		{5D073ACC-3760-4726-9AB1-81A9A6606902}.Debug|x64.ActiveCfg = Debug|Any CPU
		{5D073ACC-3760-4726-9AB1-81A9A6606902}.Debug|x64.Build.0 = Debug|Any CPU
		{5D073ACC-3760-4726-9AB1-81A9A6606902}.Debug|x86.ActiveCfg = Debug|Any CPU
		{5D073ACC-3760-4726-9AB1-81A9A6606902}.Debug|x86.Build.0 = Debug|Any CPU
		{5D073ACC-3760-4726-9AB1-81A9A6606902}.Release|Any CPU.ActiveCfg = Release|Any CPU
		{5D073ACC-3760-4726-9AB1-81A9A6606902}.Release|Any CPU.Build.0 = Release|Any CPU
		{5D073ACC-3760-4726-9AB1-81A9A6606902}.Release|ARM.ActiveCfg = Release|Any CPU
		{5D073ACC-3760-4726-9AB1-81A9A6606902}.Release|ARM.Build.0 = Release|Any CPU
		{5D073ACC-3760-4726-9AB1-81A9A6606902}.Release|x64.ActiveCfg = Release|Any CPU
		{5D073ACC-3760-4726-9AB1-81A9A6606902}.Release|x64.Build.0 = Release|Any CPU
		{5D073ACC-3760-4726-9AB1-81A9A6606902}.Release|x86.ActiveCfg = Release|Any CPU
		{5D073ACC-3760-4726-9AB1-81A9A6606902}.Release|x86.Build.0 = Release|Any CPU
		{E6C5D128-ED47-4BFD-82A9-6A00C5CCCCE7}.Debug|Any CPU.ActiveCfg = Debug|Any CPU
		{E6C5D128-ED47-4BFD-82A9-6A00C5CCCCE7}.Debug|Any CPU.Build.0 = Debug|Any CPU
		{E6C5D128-ED47-4BFD-82A9-6A00C5CCCCE7}.Debug|ARM.ActiveCfg = Debug|Any CPU
		{E6C5D128-ED47-4BFD-82A9-6A00C5CCCCE7}.Debug|ARM.Build.0 = Debug|Any CPU
		{E6C5D128-ED47-4BFD-82A9-6A00C5CCCCE7}.Debug|x64.ActiveCfg = Debug|Any CPU
		{E6C5D128-ED47-4BFD-82A9-6A00C5CCCCE7}.Debug|x64.Build.0 = Debug|Any CPU
		{E6C5D128-ED47-4BFD-82A9-6A00C5CCCCE7}.Debug|x86.ActiveCfg = Debug|Any CPU
		{E6C5D128-ED47-4BFD-82A9-6A00C5CCCCE7}.Debug|x86.Build.0 = Debug|Any CPU
		{E6C5D128-ED47-4BFD-82A9-6A00C5CCCCE7}.Release|Any CPU.ActiveCfg = Release|Any CPU
		{E6C5D128-ED47-4BFD-82A9-6A00C5CCCCE7}.Release|Any CPU.Build.0 = Release|Any CPU
		{E6C5D128-ED47-4BFD-82A9-6A00C5CCCCE7}.Release|ARM.ActiveCfg = Release|Any CPU
		{E6C5D128-ED47-4BFD-82A9-6A00C5CCCCE7}.Release|ARM.Build.0 = Release|Any CPU
		{E6C5D128-ED47-4BFD-82A9-6A00C5CCCCE7}.Release|x64.ActiveCfg = Release|Any CPU
		{E6C5D128-ED47-4BFD-82A9-6A00C5CCCCE7}.Release|x64.Build.0 = Release|Any CPU
		{E6C5D128-ED47-4BFD-82A9-6A00C5CCCCE7}.Release|x86.ActiveCfg = Release|Any CPU
		{E6C5D128-ED47-4BFD-82A9-6A00C5CCCCE7}.Release|x86.Build.0 = Release|Any CPU
		{2AE17757-BD7F-4CCA-A385-B3D9CF3E3D76}.Debug|Any CPU.ActiveCfg = Debug|Any CPU
		{2AE17757-BD7F-4CCA-A385-B3D9CF3E3D76}.Debug|Any CPU.Build.0 = Debug|Any CPU
		{2AE17757-BD7F-4CCA-A385-B3D9CF3E3D76}.Debug|ARM.ActiveCfg = Debug|Any CPU
		{2AE17757-BD7F-4CCA-A385-B3D9CF3E3D76}.Debug|ARM.Build.0 = Debug|Any CPU
		{2AE17757-BD7F-4CCA-A385-B3D9CF3E3D76}.Debug|x64.ActiveCfg = Debug|Any CPU
		{2AE17757-BD7F-4CCA-A385-B3D9CF3E3D76}.Debug|x64.Build.0 = Debug|Any CPU
		{2AE17757-BD7F-4CCA-A385-B3D9CF3E3D76}.Debug|x86.ActiveCfg = Debug|Any CPU
		{2AE17757-BD7F-4CCA-A385-B3D9CF3E3D76}.Debug|x86.Build.0 = Debug|Any CPU
		{2AE17757-BD7F-4CCA-A385-B3D9CF3E3D76}.Release|Any CPU.ActiveCfg = Release|Any CPU
		{2AE17757-BD7F-4CCA-A385-B3D9CF3E3D76}.Release|Any CPU.Build.0 = Release|Any CPU
		{2AE17757-BD7F-4CCA-A385-B3D9CF3E3D76}.Release|ARM.ActiveCfg = Release|Any CPU
		{2AE17757-BD7F-4CCA-A385-B3D9CF3E3D76}.Release|ARM.Build.0 = Release|Any CPU
		{2AE17757-BD7F-4CCA-A385-B3D9CF3E3D76}.Release|x64.ActiveCfg = Release|Any CPU
		{2AE17757-BD7F-4CCA-A385-B3D9CF3E3D76}.Release|x64.Build.0 = Release|Any CPU
		{2AE17757-BD7F-4CCA-A385-B3D9CF3E3D76}.Release|x86.ActiveCfg = Release|Any CPU
		{2AE17757-BD7F-4CCA-A385-B3D9CF3E3D76}.Release|x86.Build.0 = Release|Any CPU
		{AE941D5B-7C65-474B-AB29-2C086FA43064}.Debug|Any CPU.ActiveCfg = Debug|Any CPU
		{AE941D5B-7C65-474B-AB29-2C086FA43064}.Debug|Any CPU.Build.0 = Debug|Any CPU
		{AE941D5B-7C65-474B-AB29-2C086FA43064}.Debug|ARM.ActiveCfg = Debug|Any CPU
		{AE941D5B-7C65-474B-AB29-2C086FA43064}.Debug|ARM.Build.0 = Debug|Any CPU
		{AE941D5B-7C65-474B-AB29-2C086FA43064}.Debug|x64.ActiveCfg = Debug|Any CPU
		{AE941D5B-7C65-474B-AB29-2C086FA43064}.Debug|x64.Build.0 = Debug|Any CPU
		{AE941D5B-7C65-474B-AB29-2C086FA43064}.Debug|x86.ActiveCfg = Debug|Any CPU
		{AE941D5B-7C65-474B-AB29-2C086FA43064}.Debug|x86.Build.0 = Debug|Any CPU
		{AE941D5B-7C65-474B-AB29-2C086FA43064}.Release|Any CPU.ActiveCfg = Release|Any CPU
		{AE941D5B-7C65-474B-AB29-2C086FA43064}.Release|Any CPU.Build.0 = Release|Any CPU
		{AE941D5B-7C65-474B-AB29-2C086FA43064}.Release|ARM.ActiveCfg = Release|Any CPU
		{AE941D5B-7C65-474B-AB29-2C086FA43064}.Release|ARM.Build.0 = Release|Any CPU
		{AE941D5B-7C65-474B-AB29-2C086FA43064}.Release|x64.ActiveCfg = Release|Any CPU
		{AE941D5B-7C65-474B-AB29-2C086FA43064}.Release|x64.Build.0 = Release|Any CPU
		{AE941D5B-7C65-474B-AB29-2C086FA43064}.Release|x86.ActiveCfg = Release|Any CPU
		{AE941D5B-7C65-474B-AB29-2C086FA43064}.Release|x86.Build.0 = Release|Any CPU
		{AACDC4FE-4D27-4AD5-81DB-43108ED70440}.Debug|Any CPU.ActiveCfg = Debug|Any CPU
		{AACDC4FE-4D27-4AD5-81DB-43108ED70440}.Debug|Any CPU.Build.0 = Debug|Any CPU
		{AACDC4FE-4D27-4AD5-81DB-43108ED70440}.Debug|ARM.ActiveCfg = Debug|Any CPU
		{AACDC4FE-4D27-4AD5-81DB-43108ED70440}.Debug|ARM.Build.0 = Debug|Any CPU
		{AACDC4FE-4D27-4AD5-81DB-43108ED70440}.Debug|x64.ActiveCfg = Debug|Any CPU
		{AACDC4FE-4D27-4AD5-81DB-43108ED70440}.Debug|x64.Build.0 = Debug|Any CPU
		{AACDC4FE-4D27-4AD5-81DB-43108ED70440}.Debug|x86.ActiveCfg = Debug|Any CPU
		{AACDC4FE-4D27-4AD5-81DB-43108ED70440}.Debug|x86.Build.0 = Debug|Any CPU
		{AACDC4FE-4D27-4AD5-81DB-43108ED70440}.Release|Any CPU.ActiveCfg = Release|Any CPU
		{AACDC4FE-4D27-4AD5-81DB-43108ED70440}.Release|Any CPU.Build.0 = Release|Any CPU
		{AACDC4FE-4D27-4AD5-81DB-43108ED70440}.Release|ARM.ActiveCfg = Release|Any CPU
		{AACDC4FE-4D27-4AD5-81DB-43108ED70440}.Release|ARM.Build.0 = Release|Any CPU
		{AACDC4FE-4D27-4AD5-81DB-43108ED70440}.Release|x64.ActiveCfg = Release|Any CPU
		{AACDC4FE-4D27-4AD5-81DB-43108ED70440}.Release|x64.Build.0 = Release|Any CPU
		{AACDC4FE-4D27-4AD5-81DB-43108ED70440}.Release|x86.ActiveCfg = Release|Any CPU
		{AACDC4FE-4D27-4AD5-81DB-43108ED70440}.Release|x86.Build.0 = Release|Any CPU
		{0733AB53-6CE8-4B67-8CE7-39CB733B1CBE}.Debug|Any CPU.ActiveCfg = Debug|Any CPU
		{0733AB53-6CE8-4B67-8CE7-39CB733B1CBE}.Debug|Any CPU.Build.0 = Debug|Any CPU
		{0733AB53-6CE8-4B67-8CE7-39CB733B1CBE}.Debug|ARM.ActiveCfg = Debug|Any CPU
		{0733AB53-6CE8-4B67-8CE7-39CB733B1CBE}.Debug|ARM.Build.0 = Debug|Any CPU
		{0733AB53-6CE8-4B67-8CE7-39CB733B1CBE}.Debug|x64.ActiveCfg = Debug|Any CPU
		{0733AB53-6CE8-4B67-8CE7-39CB733B1CBE}.Debug|x64.Build.0 = Debug|Any CPU
		{0733AB53-6CE8-4B67-8CE7-39CB733B1CBE}.Debug|x86.ActiveCfg = Debug|Any CPU
		{0733AB53-6CE8-4B67-8CE7-39CB733B1CBE}.Debug|x86.Build.0 = Debug|Any CPU
		{0733AB53-6CE8-4B67-8CE7-39CB733B1CBE}.Release|Any CPU.ActiveCfg = Release|Any CPU
		{0733AB53-6CE8-4B67-8CE7-39CB733B1CBE}.Release|Any CPU.Build.0 = Release|Any CPU
		{0733AB53-6CE8-4B67-8CE7-39CB733B1CBE}.Release|ARM.ActiveCfg = Release|Any CPU
		{0733AB53-6CE8-4B67-8CE7-39CB733B1CBE}.Release|ARM.Build.0 = Release|Any CPU
		{0733AB53-6CE8-4B67-8CE7-39CB733B1CBE}.Release|x64.ActiveCfg = Release|Any CPU
		{0733AB53-6CE8-4B67-8CE7-39CB733B1CBE}.Release|x64.Build.0 = Release|Any CPU
		{0733AB53-6CE8-4B67-8CE7-39CB733B1CBE}.Release|x86.ActiveCfg = Release|Any CPU
		{0733AB53-6CE8-4B67-8CE7-39CB733B1CBE}.Release|x86.Build.0 = Release|Any CPU
		{58626EF7-25EA-4A7C-9B9B-A87D5C123A50}.Debug|Any CPU.ActiveCfg = Debug|Any CPU
		{58626EF7-25EA-4A7C-9B9B-A87D5C123A50}.Debug|Any CPU.Build.0 = Debug|Any CPU
		{58626EF7-25EA-4A7C-9B9B-A87D5C123A50}.Debug|ARM.ActiveCfg = Debug|Any CPU
		{58626EF7-25EA-4A7C-9B9B-A87D5C123A50}.Debug|ARM.Build.0 = Debug|Any CPU
		{58626EF7-25EA-4A7C-9B9B-A87D5C123A50}.Debug|x64.ActiveCfg = Debug|Any CPU
		{58626EF7-25EA-4A7C-9B9B-A87D5C123A50}.Debug|x64.Build.0 = Debug|Any CPU
		{58626EF7-25EA-4A7C-9B9B-A87D5C123A50}.Debug|x86.ActiveCfg = Debug|Any CPU
		{58626EF7-25EA-4A7C-9B9B-A87D5C123A50}.Debug|x86.Build.0 = Debug|Any CPU
		{58626EF7-25EA-4A7C-9B9B-A87D5C123A50}.Release|Any CPU.ActiveCfg = Release|Any CPU
		{58626EF7-25EA-4A7C-9B9B-A87D5C123A50}.Release|Any CPU.Build.0 = Release|Any CPU
		{58626EF7-25EA-4A7C-9B9B-A87D5C123A50}.Release|ARM.ActiveCfg = Release|Any CPU
		{58626EF7-25EA-4A7C-9B9B-A87D5C123A50}.Release|ARM.Build.0 = Release|Any CPU
		{58626EF7-25EA-4A7C-9B9B-A87D5C123A50}.Release|x64.ActiveCfg = Release|Any CPU
		{58626EF7-25EA-4A7C-9B9B-A87D5C123A50}.Release|x64.Build.0 = Release|Any CPU
		{58626EF7-25EA-4A7C-9B9B-A87D5C123A50}.Release|x86.ActiveCfg = Release|Any CPU
		{58626EF7-25EA-4A7C-9B9B-A87D5C123A50}.Release|x86.Build.0 = Release|Any CPU
		{2A270CBB-48F3-413E-973F-35FE54C5211D}.Debug|Any CPU.ActiveCfg = Debug|Any CPU
		{2A270CBB-48F3-413E-973F-35FE54C5211D}.Debug|Any CPU.Build.0 = Debug|Any CPU
		{2A270CBB-48F3-413E-973F-35FE54C5211D}.Debug|ARM.ActiveCfg = Debug|Any CPU
		{2A270CBB-48F3-413E-973F-35FE54C5211D}.Debug|ARM.Build.0 = Debug|Any CPU
		{2A270CBB-48F3-413E-973F-35FE54C5211D}.Debug|x64.ActiveCfg = Debug|Any CPU
		{2A270CBB-48F3-413E-973F-35FE54C5211D}.Debug|x64.Build.0 = Debug|Any CPU
		{2A270CBB-48F3-413E-973F-35FE54C5211D}.Debug|x86.ActiveCfg = Debug|Any CPU
		{2A270CBB-48F3-413E-973F-35FE54C5211D}.Debug|x86.Build.0 = Debug|Any CPU
		{2A270CBB-48F3-413E-973F-35FE54C5211D}.Release|Any CPU.ActiveCfg = Release|Any CPU
		{2A270CBB-48F3-413E-973F-35FE54C5211D}.Release|Any CPU.Build.0 = Release|Any CPU
		{2A270CBB-48F3-413E-973F-35FE54C5211D}.Release|ARM.ActiveCfg = Release|Any CPU
		{2A270CBB-48F3-413E-973F-35FE54C5211D}.Release|ARM.Build.0 = Release|Any CPU
		{2A270CBB-48F3-413E-973F-35FE54C5211D}.Release|x64.ActiveCfg = Release|Any CPU
		{2A270CBB-48F3-413E-973F-35FE54C5211D}.Release|x64.Build.0 = Release|Any CPU
		{2A270CBB-48F3-413E-973F-35FE54C5211D}.Release|x86.ActiveCfg = Release|Any CPU
		{2A270CBB-48F3-413E-973F-35FE54C5211D}.Release|x86.Build.0 = Release|Any CPU
		{71F7DA49-D06C-4F15-BAFC-D0CC13C51314}.Debug|Any CPU.ActiveCfg = Debug|Any CPU
		{71F7DA49-D06C-4F15-BAFC-D0CC13C51314}.Debug|Any CPU.Build.0 = Debug|Any CPU
		{71F7DA49-D06C-4F15-BAFC-D0CC13C51314}.Debug|ARM.ActiveCfg = Debug|Any CPU
		{71F7DA49-D06C-4F15-BAFC-D0CC13C51314}.Debug|ARM.Build.0 = Debug|Any CPU
		{71F7DA49-D06C-4F15-BAFC-D0CC13C51314}.Debug|x64.ActiveCfg = Debug|Any CPU
		{71F7DA49-D06C-4F15-BAFC-D0CC13C51314}.Debug|x64.Build.0 = Debug|Any CPU
		{71F7DA49-D06C-4F15-BAFC-D0CC13C51314}.Debug|x86.ActiveCfg = Debug|Any CPU
		{71F7DA49-D06C-4F15-BAFC-D0CC13C51314}.Debug|x86.Build.0 = Debug|Any CPU
		{71F7DA49-D06C-4F15-BAFC-D0CC13C51314}.Release|Any CPU.ActiveCfg = Release|Any CPU
		{71F7DA49-D06C-4F15-BAFC-D0CC13C51314}.Release|Any CPU.Build.0 = Release|Any CPU
		{71F7DA49-D06C-4F15-BAFC-D0CC13C51314}.Release|ARM.ActiveCfg = Release|Any CPU
		{71F7DA49-D06C-4F15-BAFC-D0CC13C51314}.Release|ARM.Build.0 = Release|Any CPU
		{71F7DA49-D06C-4F15-BAFC-D0CC13C51314}.Release|x64.ActiveCfg = Release|Any CPU
		{71F7DA49-D06C-4F15-BAFC-D0CC13C51314}.Release|x64.Build.0 = Release|Any CPU
		{71F7DA49-D06C-4F15-BAFC-D0CC13C51314}.Release|x86.ActiveCfg = Release|Any CPU
		{71F7DA49-D06C-4F15-BAFC-D0CC13C51314}.Release|x86.Build.0 = Release|Any CPU
	EndGlobalSection
	GlobalSection(SolutionProperties) = preSolution
		HideSolutionNode = FALSE
	EndGlobalSection
EndGlobal
