
Microsoft Visual Studio Solution File, Format Version 12.00
# Visual Studio 15
VisualStudioVersion = 15.0.26403.7
MinimumVisualStudioVersion = 10.0.40219.1
Project("{FAE04EC0-301F-11D3-BF4B-00C04F79EFBC}") = "Arrays", "Arrays\Arrays.csproj", "{1A0EE9DC-0687-4CA3-99CE-A45B95EAE594}"
EndProject
Project("{FAE04EC0-301F-11D3-BF4B-00C04F79EFBC}") = "Largest Common End", "Largest Common End\Largest Common End.csproj", "{223346E6-AF88-44D2-B9FF-E481289C5967}"
EndProject
Project("{FAE04EC0-301F-11D3-BF4B-00C04F79EFBC}") = "Rotate and Sum", "Rotate and Sum\Rotate and Sum.csproj", "{748CE48F-747A-4021-A23F-338D46F123C0}"
EndProject
Project("{FAE04EC0-301F-11D3-BF4B-00C04F79EFBC}") = "Fold and Sum", "Fold and Sum\Fold and Sum.csproj", "{BCA9BD0A-3DE0-401D-9AEA-F33AFBC1C691}"
EndProject
Project("{FAE04EC0-301F-11D3-BF4B-00C04F79EFBC}") = "Compare Char Arrays", "Compare Char Arrays\Compare Char Arrays.csproj", "{D65A400A-1AC1-417F-ABFB-DA88B7502D4D}"
EndProject
Project("{FAE04EC0-301F-11D3-BF4B-00C04F79EFBC}") = "Max Sequence of Equal Elements", "Max Sequence of Equal Elements\Max Sequence of Equal Elements.csproj", "{695651B8-075B-4803-9ABF-0DFCC1AC0DAD}"
EndProject
Project("{FAE04EC0-301F-11D3-BF4B-00C04F79EFBC}") = "Max Sequence of Increasing number", "Max Sequence of Increasing number\Max Sequence of Increasing number.csproj", "{FBA97592-F678-4ED0-93AE-7C39886DCFD9}"
EndProject
Project("{FAE04EC0-301F-11D3-BF4B-00C04F79EFBC}") = "Index Of Letters", "Index Of Letters\Index Of Letters.csproj", "{4D36CA96-3102-403F-8900-73A0D3A67563}"
EndProject
Project("{FAE04EC0-301F-11D3-BF4B-00C04F79EFBC}") = "Sieve of Eratosthenes", "Sieve of Eratosthenes\Sieve of Eratosthenes.csproj", "{F5B05D83-E5DB-44A8-A9D3-1288185780DF}"
EndProject
Project("{FAE04EC0-301F-11D3-BF4B-00C04F79EFBC}") = "Equal Sums", "Equal Sums\Equal Sums.csproj", "{8DDD98DB-EF05-47D4-BA78-FDEFE9C6EF27}"
EndProject
Global
	GlobalSection(SolutionConfigurationPlatforms) = preSolution
		Debug|Any CPU = Debug|Any CPU
		Debug|ARM = Debug|ARM
		Debug|x64 = Debug|x64
		Debug|x86 = Debug|x86
		Release|Any CPU = Release|Any CPU
		Release|ARM = Release|ARM
		Release|x64 = Release|x64
		Release|x86 = Release|x86
	EndGlobalSection
	GlobalSection(ProjectConfigurationPlatforms) = postSolution
		{1A0EE9DC-0687-4CA3-99CE-A45B95EAE594}.Debug|Any CPU.ActiveCfg = Debug|x86
		{1A0EE9DC-0687-4CA3-99CE-A45B95EAE594}.Debug|ARM.ActiveCfg = Debug|ARM
		{1A0EE9DC-0687-4CA3-99CE-A45B95EAE594}.Debug|ARM.Build.0 = Debug|ARM
		{1A0EE9DC-0687-4CA3-99CE-A45B95EAE594}.Debug|ARM.Deploy.0 = Debug|ARM
		{1A0EE9DC-0687-4CA3-99CE-A45B95EAE594}.Debug|x64.ActiveCfg = Debug|x64
		{1A0EE9DC-0687-4CA3-99CE-A45B95EAE594}.Debug|x64.Build.0 = Debug|x64
		{1A0EE9DC-0687-4CA3-99CE-A45B95EAE594}.Debug|x64.Deploy.0 = Debug|x64
		{1A0EE9DC-0687-4CA3-99CE-A45B95EAE594}.Debug|x86.ActiveCfg = Debug|x86
		{1A0EE9DC-0687-4CA3-99CE-A45B95EAE594}.Debug|x86.Build.0 = Debug|x86
		{1A0EE9DC-0687-4CA3-99CE-A45B95EAE594}.Debug|x86.Deploy.0 = Debug|x86
		{1A0EE9DC-0687-4CA3-99CE-A45B95EAE594}.Release|Any CPU.ActiveCfg = Release|x86
		{1A0EE9DC-0687-4CA3-99CE-A45B95EAE594}.Release|ARM.ActiveCfg = Release|ARM
		{1A0EE9DC-0687-4CA3-99CE-A45B95EAE594}.Release|ARM.Build.0 = Release|ARM
		{1A0EE9DC-0687-4CA3-99CE-A45B95EAE594}.Release|ARM.Deploy.0 = Release|ARM
		{1A0EE9DC-0687-4CA3-99CE-A45B95EAE594}.Release|x64.ActiveCfg = Release|x64
		{1A0EE9DC-0687-4CA3-99CE-A45B95EAE594}.Release|x64.Build.0 = Release|x64
		{1A0EE9DC-0687-4CA3-99CE-A45B95EAE594}.Release|x64.Deploy.0 = Release|x64
		{1A0EE9DC-0687-4CA3-99CE-A45B95EAE594}.Release|x86.ActiveCfg = Release|x86
		{1A0EE9DC-0687-4CA3-99CE-A45B95EAE594}.Release|x86.Build.0 = Release|x86
		{1A0EE9DC-0687-4CA3-99CE-A45B95EAE594}.Release|x86.Deploy.0 = Release|x86
		{223346E6-AF88-44D2-B9FF-E481289C5967}.Debug|Any CPU.ActiveCfg = Debug|Any CPU
		{223346E6-AF88-44D2-B9FF-E481289C5967}.Debug|Any CPU.Build.0 = Debug|Any CPU
		{223346E6-AF88-44D2-B9FF-E481289C5967}.Debug|ARM.ActiveCfg = Debug|Any CPU
		{223346E6-AF88-44D2-B9FF-E481289C5967}.Debug|ARM.Build.0 = Debug|Any CPU
		{223346E6-AF88-44D2-B9FF-E481289C5967}.Debug|x64.ActiveCfg = Debug|Any CPU
		{223346E6-AF88-44D2-B9FF-E481289C5967}.Debug|x64.Build.0 = Debug|Any CPU
		{223346E6-AF88-44D2-B9FF-E481289C5967}.Debug|x86.ActiveCfg = Debug|Any CPU
		{223346E6-AF88-44D2-B9FF-E481289C5967}.Debug|x86.Build.0 = Debug|Any CPU
		{223346E6-AF88-44D2-B9FF-E481289C5967}.Release|Any CPU.ActiveCfg = Release|Any CPU
		{223346E6-AF88-44D2-B9FF-E481289C5967}.Release|Any CPU.Build.0 = Release|Any CPU
		{223346E6-AF88-44D2-B9FF-E481289C5967}.Release|ARM.ActiveCfg = Release|Any CPU
		{223346E6-AF88-44D2-B9FF-E481289C5967}.Release|ARM.Build.0 = Release|Any CPU
		{223346E6-AF88-44D2-B9FF-E481289C5967}.Release|x64.ActiveCfg = Release|Any CPU
		{223346E6-AF88-44D2-B9FF-E481289C5967}.Release|x64.Build.0 = Release|Any CPU
		{223346E6-AF88-44D2-B9FF-E481289C5967}.Release|x86.ActiveCfg = Release|Any CPU
		{223346E6-AF88-44D2-B9FF-E481289C5967}.Release|x86.Build.0 = Release|Any CPU
		{748CE48F-747A-4021-A23F-338D46F123C0}.Debug|Any CPU.ActiveCfg = Debug|Any CPU
		{748CE48F-747A-4021-A23F-338D46F123C0}.Debug|Any CPU.Build.0 = Debug|Any CPU
		{748CE48F-747A-4021-A23F-338D46F123C0}.Debug|ARM.ActiveCfg = Debug|Any CPU
		{748CE48F-747A-4021-A23F-338D46F123C0}.Debug|ARM.Build.0 = Debug|Any CPU
		{748CE48F-747A-4021-A23F-338D46F123C0}.Debug|x64.ActiveCfg = Debug|Any CPU
		{748CE48F-747A-4021-A23F-338D46F123C0}.Debug|x64.Build.0 = Debug|Any CPU
		{748CE48F-747A-4021-A23F-338D46F123C0}.Debug|x86.ActiveCfg = Debug|Any CPU
		{748CE48F-747A-4021-A23F-338D46F123C0}.Debug|x86.Build.0 = Debug|Any CPU
		{748CE48F-747A-4021-A23F-338D46F123C0}.Release|Any CPU.ActiveCfg = Release|Any CPU
		{748CE48F-747A-4021-A23F-338D46F123C0}.Release|Any CPU.Build.0 = Release|Any CPU
		{748CE48F-747A-4021-A23F-338D46F123C0}.Release|ARM.ActiveCfg = Release|Any CPU
		{748CE48F-747A-4021-A23F-338D46F123C0}.Release|ARM.Build.0 = Release|Any CPU
		{748CE48F-747A-4021-A23F-338D46F123C0}.Release|x64.ActiveCfg = Release|Any CPU
		{748CE48F-747A-4021-A23F-338D46F123C0}.Release|x64.Build.0 = Release|Any CPU
		{748CE48F-747A-4021-A23F-338D46F123C0}.Release|x86.ActiveCfg = Release|Any CPU
		{748CE48F-747A-4021-A23F-338D46F123C0}.Release|x86.Build.0 = Release|Any CPU
		{BCA9BD0A-3DE0-401D-9AEA-F33AFBC1C691}.Debug|Any CPU.ActiveCfg = Debug|Any CPU
		{BCA9BD0A-3DE0-401D-9AEA-F33AFBC1C691}.Debug|Any CPU.Build.0 = Debug|Any CPU
		{BCA9BD0A-3DE0-401D-9AEA-F33AFBC1C691}.Debug|ARM.ActiveCfg = Debug|Any CPU
		{BCA9BD0A-3DE0-401D-9AEA-F33AFBC1C691}.Debug|ARM.Build.0 = Debug|Any CPU
		{BCA9BD0A-3DE0-401D-9AEA-F33AFBC1C691}.Debug|x64.ActiveCfg = Debug|Any CPU
		{BCA9BD0A-3DE0-401D-9AEA-F33AFBC1C691}.Debug|x64.Build.0 = Debug|Any CPU
		{BCA9BD0A-3DE0-401D-9AEA-F33AFBC1C691}.Debug|x86.ActiveCfg = Debug|Any CPU
		{BCA9BD0A-3DE0-401D-9AEA-F33AFBC1C691}.Debug|x86.Build.0 = Debug|Any CPU
		{BCA9BD0A-3DE0-401D-9AEA-F33AFBC1C691}.Release|Any CPU.ActiveCfg = Release|Any CPU
		{BCA9BD0A-3DE0-401D-9AEA-F33AFBC1C691}.Release|Any CPU.Build.0 = Release|Any CPU
		{BCA9BD0A-3DE0-401D-9AEA-F33AFBC1C691}.Release|ARM.ActiveCfg = Release|Any CPU
		{BCA9BD0A-3DE0-401D-9AEA-F33AFBC1C691}.Release|ARM.Build.0 = Release|Any CPU
		{BCA9BD0A-3DE0-401D-9AEA-F33AFBC1C691}.Release|x64.ActiveCfg = Release|Any CPU
		{BCA9BD0A-3DE0-401D-9AEA-F33AFBC1C691}.Release|x64.Build.0 = Release|Any CPU
		{BCA9BD0A-3DE0-401D-9AEA-F33AFBC1C691}.Release|x86.ActiveCfg = Release|Any CPU
		{BCA9BD0A-3DE0-401D-9AEA-F33AFBC1C691}.Release|x86.Build.0 = Release|Any CPU
		{D65A400A-1AC1-417F-ABFB-DA88B7502D4D}.Debug|Any CPU.ActiveCfg = Debug|Any CPU
		{D65A400A-1AC1-417F-ABFB-DA88B7502D4D}.Debug|Any CPU.Build.0 = Debug|Any CPU
		{D65A400A-1AC1-417F-ABFB-DA88B7502D4D}.Debug|ARM.ActiveCfg = Debug|Any CPU
		{D65A400A-1AC1-417F-ABFB-DA88B7502D4D}.Debug|ARM.Build.0 = Debug|Any CPU
		{D65A400A-1AC1-417F-ABFB-DA88B7502D4D}.Debug|x64.ActiveCfg = Debug|Any CPU
		{D65A400A-1AC1-417F-ABFB-DA88B7502D4D}.Debug|x64.Build.0 = Debug|Any CPU
		{D65A400A-1AC1-417F-ABFB-DA88B7502D4D}.Debug|x86.ActiveCfg = Debug|Any CPU
		{D65A400A-1AC1-417F-ABFB-DA88B7502D4D}.Debug|x86.Build.0 = Debug|Any CPU
		{D65A400A-1AC1-417F-ABFB-DA88B7502D4D}.Release|Any CPU.ActiveCfg = Release|Any CPU
		{D65A400A-1AC1-417F-ABFB-DA88B7502D4D}.Release|Any CPU.Build.0 = Release|Any CPU
		{D65A400A-1AC1-417F-ABFB-DA88B7502D4D}.Release|ARM.ActiveCfg = Release|Any CPU
		{D65A400A-1AC1-417F-ABFB-DA88B7502D4D}.Release|ARM.Build.0 = Release|Any CPU
		{D65A400A-1AC1-417F-ABFB-DA88B7502D4D}.Release|x64.ActiveCfg = Release|Any CPU
		{D65A400A-1AC1-417F-ABFB-DA88B7502D4D}.Release|x64.Build.0 = Release|Any CPU
		{D65A400A-1AC1-417F-ABFB-DA88B7502D4D}.Release|x86.ActiveCfg = Release|Any CPU
		{D65A400A-1AC1-417F-ABFB-DA88B7502D4D}.Release|x86.Build.0 = Release|Any CPU
		{695651B8-075B-4803-9ABF-0DFCC1AC0DAD}.Debug|Any CPU.ActiveCfg = Debug|Any CPU
		{695651B8-075B-4803-9ABF-0DFCC1AC0DAD}.Debug|Any CPU.Build.0 = Debug|Any CPU
		{695651B8-075B-4803-9ABF-0DFCC1AC0DAD}.Debug|ARM.ActiveCfg = Debug|Any CPU
		{695651B8-075B-4803-9ABF-0DFCC1AC0DAD}.Debug|ARM.Build.0 = Debug|Any CPU
		{695651B8-075B-4803-9ABF-0DFCC1AC0DAD}.Debug|x64.ActiveCfg = Debug|Any CPU
		{695651B8-075B-4803-9ABF-0DFCC1AC0DAD}.Debug|x64.Build.0 = Debug|Any CPU
		{695651B8-075B-4803-9ABF-0DFCC1AC0DAD}.Debug|x86.ActiveCfg = Debug|Any CPU
		{695651B8-075B-4803-9ABF-0DFCC1AC0DAD}.Debug|x86.Build.0 = Debug|Any CPU
		{695651B8-075B-4803-9ABF-0DFCC1AC0DAD}.Release|Any CPU.ActiveCfg = Release|Any CPU
		{695651B8-075B-4803-9ABF-0DFCC1AC0DAD}.Release|Any CPU.Build.0 = Release|Any CPU
		{695651B8-075B-4803-9ABF-0DFCC1AC0DAD}.Release|ARM.ActiveCfg = Release|Any CPU
		{695651B8-075B-4803-9ABF-0DFCC1AC0DAD}.Release|ARM.Build.0 = Release|Any CPU
		{695651B8-075B-4803-9ABF-0DFCC1AC0DAD}.Release|x64.ActiveCfg = Release|Any CPU
		{695651B8-075B-4803-9ABF-0DFCC1AC0DAD}.Release|x64.Build.0 = Release|Any CPU
		{695651B8-075B-4803-9ABF-0DFCC1AC0DAD}.Release|x86.ActiveCfg = Release|Any CPU
		{695651B8-075B-4803-9ABF-0DFCC1AC0DAD}.Release|x86.Build.0 = Release|Any CPU
		{FBA97592-F678-4ED0-93AE-7C39886DCFD9}.Debug|Any CPU.ActiveCfg = Debug|Any CPU
		{FBA97592-F678-4ED0-93AE-7C39886DCFD9}.Debug|Any CPU.Build.0 = Debug|Any CPU
		{FBA97592-F678-4ED0-93AE-7C39886DCFD9}.Debug|ARM.ActiveCfg = Debug|Any CPU
		{FBA97592-F678-4ED0-93AE-7C39886DCFD9}.Debug|ARM.Build.0 = Debug|Any CPU
		{FBA97592-F678-4ED0-93AE-7C39886DCFD9}.Debug|x64.ActiveCfg = Debug|Any CPU
		{FBA97592-F678-4ED0-93AE-7C39886DCFD9}.Debug|x64.Build.0 = Debug|Any CPU
		{FBA97592-F678-4ED0-93AE-7C39886DCFD9}.Debug|x86.ActiveCfg = Debug|Any CPU
		{FBA97592-F678-4ED0-93AE-7C39886DCFD9}.Debug|x86.Build.0 = Debug|Any CPU
		{FBA97592-F678-4ED0-93AE-7C39886DCFD9}.Release|Any CPU.ActiveCfg = Release|Any CPU
		{FBA97592-F678-4ED0-93AE-7C39886DCFD9}.Release|Any CPU.Build.0 = Release|Any CPU
		{FBA97592-F678-4ED0-93AE-7C39886DCFD9}.Release|ARM.ActiveCfg = Release|Any CPU
		{FBA97592-F678-4ED0-93AE-7C39886DCFD9}.Release|ARM.Build.0 = Release|Any CPU
		{FBA97592-F678-4ED0-93AE-7C39886DCFD9}.Release|x64.ActiveCfg = Release|Any CPU
		{FBA97592-F678-4ED0-93AE-7C39886DCFD9}.Release|x64.Build.0 = Release|Any CPU
		{FBA97592-F678-4ED0-93AE-7C39886DCFD9}.Release|x86.ActiveCfg = Release|Any CPU
		{FBA97592-F678-4ED0-93AE-7C39886DCFD9}.Release|x86.Build.0 = Release|Any CPU
		{4D36CA96-3102-403F-8900-73A0D3A67563}.Debug|Any CPU.ActiveCfg = Debug|Any CPU
		{4D36CA96-3102-403F-8900-73A0D3A67563}.Debug|Any CPU.Build.0 = Debug|Any CPU
		{4D36CA96-3102-403F-8900-73A0D3A67563}.Debug|ARM.ActiveCfg = Debug|Any CPU
		{4D36CA96-3102-403F-8900-73A0D3A67563}.Debug|ARM.Build.0 = Debug|Any CPU
		{4D36CA96-3102-403F-8900-73A0D3A67563}.Debug|x64.ActiveCfg = Debug|Any CPU
		{4D36CA96-3102-403F-8900-73A0D3A67563}.Debug|x64.Build.0 = Debug|Any CPU
		{4D36CA96-3102-403F-8900-73A0D3A67563}.Debug|x86.ActiveCfg = Debug|Any CPU
		{4D36CA96-3102-403F-8900-73A0D3A67563}.Debug|x86.Build.0 = Debug|Any CPU
		{4D36CA96-3102-403F-8900-73A0D3A67563}.Release|Any CPU.ActiveCfg = Release|Any CPU
		{4D36CA96-3102-403F-8900-73A0D3A67563}.Release|Any CPU.Build.0 = Release|Any CPU
		{4D36CA96-3102-403F-8900-73A0D3A67563}.Release|ARM.ActiveCfg = Release|Any CPU
		{4D36CA96-3102-403F-8900-73A0D3A67563}.Release|ARM.Build.0 = Release|Any CPU
		{4D36CA96-3102-403F-8900-73A0D3A67563}.Release|x64.ActiveCfg = Release|Any CPU
		{4D36CA96-3102-403F-8900-73A0D3A67563}.Release|x64.Build.0 = Release|Any CPU
		{4D36CA96-3102-403F-8900-73A0D3A67563}.Release|x86.ActiveCfg = Release|Any CPU
		{4D36CA96-3102-403F-8900-73A0D3A67563}.Release|x86.Build.0 = Release|Any CPU
		{F5B05D83-E5DB-44A8-A9D3-1288185780DF}.Debug|Any CPU.ActiveCfg = Debug|Any CPU
		{F5B05D83-E5DB-44A8-A9D3-1288185780DF}.Debug|Any CPU.Build.0 = Debug|Any CPU
		{F5B05D83-E5DB-44A8-A9D3-1288185780DF}.Debug|ARM.ActiveCfg = Debug|Any CPU
		{F5B05D83-E5DB-44A8-A9D3-1288185780DF}.Debug|ARM.Build.0 = Debug|Any CPU
		{F5B05D83-E5DB-44A8-A9D3-1288185780DF}.Debug|x64.ActiveCfg = Debug|Any CPU
		{F5B05D83-E5DB-44A8-A9D3-1288185780DF}.Debug|x64.Build.0 = Debug|Any CPU
		{F5B05D83-E5DB-44A8-A9D3-1288185780DF}.Debug|x86.ActiveCfg = Debug|Any CPU
		{F5B05D83-E5DB-44A8-A9D3-1288185780DF}.Debug|x86.Build.0 = Debug|Any CPU
		{F5B05D83-E5DB-44A8-A9D3-1288185780DF}.Release|Any CPU.ActiveCfg = Release|Any CPU
		{F5B05D83-E5DB-44A8-A9D3-1288185780DF}.Release|Any CPU.Build.0 = Release|Any CPU
		{F5B05D83-E5DB-44A8-A9D3-1288185780DF}.Release|ARM.ActiveCfg = Release|Any CPU
		{F5B05D83-E5DB-44A8-A9D3-1288185780DF}.Release|ARM.Build.0 = Release|Any CPU
		{F5B05D83-E5DB-44A8-A9D3-1288185780DF}.Release|x64.ActiveCfg = Release|Any CPU
		{F5B05D83-E5DB-44A8-A9D3-1288185780DF}.Release|x64.Build.0 = Release|Any CPU
		{F5B05D83-E5DB-44A8-A9D3-1288185780DF}.Release|x86.ActiveCfg = Release|Any CPU
		{F5B05D83-E5DB-44A8-A9D3-1288185780DF}.Release|x86.Build.0 = Release|Any CPU
		{8DDD98DB-EF05-47D4-BA78-FDEFE9C6EF27}.Debug|Any CPU.ActiveCfg = Debug|Any CPU
		{8DDD98DB-EF05-47D4-BA78-FDEFE9C6EF27}.Debug|Any CPU.Build.0 = Debug|Any CPU
		{8DDD98DB-EF05-47D4-BA78-FDEFE9C6EF27}.Debug|ARM.ActiveCfg = Debug|Any CPU
		{8DDD98DB-EF05-47D4-BA78-FDEFE9C6EF27}.Debug|ARM.Build.0 = Debug|Any CPU
		{8DDD98DB-EF05-47D4-BA78-FDEFE9C6EF27}.Debug|x64.ActiveCfg = Debug|Any CPU
		{8DDD98DB-EF05-47D4-BA78-FDEFE9C6EF27}.Debug|x64.Build.0 = Debug|Any CPU
		{8DDD98DB-EF05-47D4-BA78-FDEFE9C6EF27}.Debug|x86.ActiveCfg = Debug|Any CPU
		{8DDD98DB-EF05-47D4-BA78-FDEFE9C6EF27}.Debug|x86.Build.0 = Debug|Any CPU
		{8DDD98DB-EF05-47D4-BA78-FDEFE9C6EF27}.Release|Any CPU.ActiveCfg = Release|Any CPU
		{8DDD98DB-EF05-47D4-BA78-FDEFE9C6EF27}.Release|Any CPU.Build.0 = Release|Any CPU
		{8DDD98DB-EF05-47D4-BA78-FDEFE9C6EF27}.Release|ARM.ActiveCfg = Release|Any CPU
		{8DDD98DB-EF05-47D4-BA78-FDEFE9C6EF27}.Release|ARM.Build.0 = Release|Any CPU
		{8DDD98DB-EF05-47D4-BA78-FDEFE9C6EF27}.Release|x64.ActiveCfg = Release|Any CPU
		{8DDD98DB-EF05-47D4-BA78-FDEFE9C6EF27}.Release|x64.Build.0 = Release|Any CPU
		{8DDD98DB-EF05-47D4-BA78-FDEFE9C6EF27}.Release|x86.ActiveCfg = Release|Any CPU
		{8DDD98DB-EF05-47D4-BA78-FDEFE9C6EF27}.Release|x86.Build.0 = Release|Any CPU
	EndGlobalSection
	GlobalSection(SolutionProperties) = preSolution
		HideSolutionNode = FALSE
	EndGlobalSection
EndGlobal
