
Microsoft Visual Studio Solution File, Format Version 12.00
# Visual Studio 15
VisualStudioVersion = 15.0.26403.7
MinimumVisualStudioVersion = 10.0.40219.1
Project("{FAE04EC0-301F-11D3-BF4B-00C04F79EFBC}") = "Dictionaries, Lambda and LINQ", "Dictionaries, Lambda and LINQ\Dictionaries, Lambda and LINQ.csproj", "{571DC8C5-22E2-451B-B84F-DC6C7887C317}"
EndProject
Project("{FAE04EC0-301F-11D3-BF4B-00C04F79EFBC}") = "Phonebook", "Phonebook\Phonebook.csproj", "{F8D08BB9-20F9-46E3-A2CA-94807327CECC}"
EndProject
Project("{FAE04EC0-301F-11D3-BF4B-00C04F79EFBC}") = "Phonebook Upgrade", "Phonebook Upgrade\Phonebook Upgrade.csproj", "{334B0885-54E6-4BBE-92D5-E020DB628FCB}"
EndProject
Project("{FAE04EC0-301F-11D3-BF4B-00C04F79EFBC}") = "A Miner Task", "A Miner Task\A Miner Task.csproj", "{D68D4B08-4C94-480E-A407-9AC34E93CD08}"
EndProject
Project("{FAE04EC0-301F-11D3-BF4B-00C04F79EFBC}") = "Fix emails", "Fix emails\Fix emails.csproj", "{F43ED985-0D71-4359-88AE-820B6FC2F933}"
EndProject
Project("{FAE04EC0-301F-11D3-BF4B-00C04F79EFBC}") = "Hands of Cards", "Hands of Cards\Hands of Cards.csproj", "{9194170A-1519-4A98-8CF1-C0FC3A9D20DF}"
EndProject
Project("{FAE04EC0-301F-11D3-BF4B-00C04F79EFBC}") = "User Logs", "User Logs\User Logs.csproj", "{302232CE-39C7-455A-848B-78E490893F58}"
EndProject
Project("{FAE04EC0-301F-11D3-BF4B-00C04F79EFBC}") = "Population Counter", "Population Counter\Population Counter.csproj", "{6D258DD8-7977-4069-A1CE-7120B0B4F58E}"
EndProject
Global
	GlobalSection(SolutionConfigurationPlatforms) = preSolution
		Debug|Any CPU = Debug|Any CPU
		Debug|ARM = Debug|ARM
		Debug|x64 = Debug|x64
		Debug|x86 = Debug|x86
		Release|Any CPU = Release|Any CPU
		Release|ARM = Release|ARM
		Release|x64 = Release|x64
		Release|x86 = Release|x86
	EndGlobalSection
	GlobalSection(ProjectConfigurationPlatforms) = postSolution
		{571DC8C5-22E2-451B-B84F-DC6C7887C317}.Debug|Any CPU.ActiveCfg = Debug|x86
		{571DC8C5-22E2-451B-B84F-DC6C7887C317}.Debug|ARM.ActiveCfg = Debug|ARM
		{571DC8C5-22E2-451B-B84F-DC6C7887C317}.Debug|ARM.Build.0 = Debug|ARM
		{571DC8C5-22E2-451B-B84F-DC6C7887C317}.Debug|ARM.Deploy.0 = Debug|ARM
		{571DC8C5-22E2-451B-B84F-DC6C7887C317}.Debug|x64.ActiveCfg = Debug|x64
		{571DC8C5-22E2-451B-B84F-DC6C7887C317}.Debug|x64.Build.0 = Debug|x64
		{571DC8C5-22E2-451B-B84F-DC6C7887C317}.Debug|x64.Deploy.0 = Debug|x64
		{571DC8C5-22E2-451B-B84F-DC6C7887C317}.Debug|x86.ActiveCfg = Debug|x86
		{571DC8C5-22E2-451B-B84F-DC6C7887C317}.Debug|x86.Build.0 = Debug|x86
		{571DC8C5-22E2-451B-B84F-DC6C7887C317}.Debug|x86.Deploy.0 = Debug|x86
		{571DC8C5-22E2-451B-B84F-DC6C7887C317}.Release|Any CPU.ActiveCfg = Release|x86
		{571DC8C5-22E2-451B-B84F-DC6C7887C317}.Release|ARM.ActiveCfg = Release|ARM
		{571DC8C5-22E2-451B-B84F-DC6C7887C317}.Release|ARM.Build.0 = Release|ARM
		{571DC8C5-22E2-451B-B84F-DC6C7887C317}.Release|ARM.Deploy.0 = Release|ARM
		{571DC8C5-22E2-451B-B84F-DC6C7887C317}.Release|x64.ActiveCfg = Release|x64
		{571DC8C5-22E2-451B-B84F-DC6C7887C317}.Release|x64.Build.0 = Release|x64
		{571DC8C5-22E2-451B-B84F-DC6C7887C317}.Release|x64.Deploy.0 = Release|x64
		{571DC8C5-22E2-451B-B84F-DC6C7887C317}.Release|x86.ActiveCfg = Release|x86
		{571DC8C5-22E2-451B-B84F-DC6C7887C317}.Release|x86.Build.0 = Release|x86
		{571DC8C5-22E2-451B-B84F-DC6C7887C317}.Release|x86.Deploy.0 = Release|x86
		{F8D08BB9-20F9-46E3-A2CA-94807327CECC}.Debug|Any CPU.ActiveCfg = Debug|Any CPU
		{F8D08BB9-20F9-46E3-A2CA-94807327CECC}.Debug|Any CPU.Build.0 = Debug|Any CPU
		{F8D08BB9-20F9-46E3-A2CA-94807327CECC}.Debug|ARM.ActiveCfg = Debug|Any CPU
		{F8D08BB9-20F9-46E3-A2CA-94807327CECC}.Debug|ARM.Build.0 = Debug|Any CPU
		{F8D08BB9-20F9-46E3-A2CA-94807327CECC}.Debug|x64.ActiveCfg = Debug|Any CPU
		{F8D08BB9-20F9-46E3-A2CA-94807327CECC}.Debug|x64.Build.0 = Debug|Any CPU
		{F8D08BB9-20F9-46E3-A2CA-94807327CECC}.Debug|x86.ActiveCfg = Debug|Any CPU
		{F8D08BB9-20F9-46E3-A2CA-94807327CECC}.Debug|x86.Build.0 = Debug|Any CPU
		{F8D08BB9-20F9-46E3-A2CA-94807327CECC}.Release|Any CPU.ActiveCfg = Release|Any CPU
		{F8D08BB9-20F9-46E3-A2CA-94807327CECC}.Release|Any CPU.Build.0 = Release|Any CPU
		{F8D08BB9-20F9-46E3-A2CA-94807327CECC}.Release|ARM.ActiveCfg = Release|Any CPU
		{F8D08BB9-20F9-46E3-A2CA-94807327CECC}.Release|ARM.Build.0 = Release|Any CPU
		{F8D08BB9-20F9-46E3-A2CA-94807327CECC}.Release|x64.ActiveCfg = Release|Any CPU
		{F8D08BB9-20F9-46E3-A2CA-94807327CECC}.Release|x64.Build.0 = Release|Any CPU
		{F8D08BB9-20F9-46E3-A2CA-94807327CECC}.Release|x86.ActiveCfg = Release|Any CPU
		{F8D08BB9-20F9-46E3-A2CA-94807327CECC}.Release|x86.Build.0 = Release|Any CPU
		{334B0885-54E6-4BBE-92D5-E020DB628FCB}.Debug|Any CPU.ActiveCfg = Debug|Any CPU
		{334B0885-54E6-4BBE-92D5-E020DB628FCB}.Debug|Any CPU.Build.0 = Debug|Any CPU
		{334B0885-54E6-4BBE-92D5-E020DB628FCB}.Debug|ARM.ActiveCfg = Debug|Any CPU
		{334B0885-54E6-4BBE-92D5-E020DB628FCB}.Debug|ARM.Build.0 = Debug|Any CPU
		{334B0885-54E6-4BBE-92D5-E020DB628FCB}.Debug|x64.ActiveCfg = Debug|Any CPU
		{334B0885-54E6-4BBE-92D5-E020DB628FCB}.Debug|x64.Build.0 = Debug|Any CPU
		{334B0885-54E6-4BBE-92D5-E020DB628FCB}.Debug|x86.ActiveCfg = Debug|Any CPU
		{334B0885-54E6-4BBE-92D5-E020DB628FCB}.Debug|x86.Build.0 = Debug|Any CPU
		{334B0885-54E6-4BBE-92D5-E020DB628FCB}.Release|Any CPU.ActiveCfg = Release|Any CPU
		{334B0885-54E6-4BBE-92D5-E020DB628FCB}.Release|Any CPU.Build.0 = Release|Any CPU
		{334B0885-54E6-4BBE-92D5-E020DB628FCB}.Release|ARM.ActiveCfg = Release|Any CPU
		{334B0885-54E6-4BBE-92D5-E020DB628FCB}.Release|ARM.Build.0 = Release|Any CPU
		{334B0885-54E6-4BBE-92D5-E020DB628FCB}.Release|x64.ActiveCfg = Release|Any CPU
		{334B0885-54E6-4BBE-92D5-E020DB628FCB}.Release|x64.Build.0 = Release|Any CPU
		{334B0885-54E6-4BBE-92D5-E020DB628FCB}.Release|x86.ActiveCfg = Release|Any CPU
		{334B0885-54E6-4BBE-92D5-E020DB628FCB}.Release|x86.Build.0 = Release|Any CPU
		{D68D4B08-4C94-480E-A407-9AC34E93CD08}.Debug|Any CPU.ActiveCfg = Debug|Any CPU
		{D68D4B08-4C94-480E-A407-9AC34E93CD08}.Debug|Any CPU.Build.0 = Debug|Any CPU
		{D68D4B08-4C94-480E-A407-9AC34E93CD08}.Debug|ARM.ActiveCfg = Debug|Any CPU
		{D68D4B08-4C94-480E-A407-9AC34E93CD08}.Debug|ARM.Build.0 = Debug|Any CPU
		{D68D4B08-4C94-480E-A407-9AC34E93CD08}.Debug|x64.ActiveCfg = Debug|Any CPU
		{D68D4B08-4C94-480E-A407-9AC34E93CD08}.Debug|x64.Build.0 = Debug|Any CPU
		{D68D4B08-4C94-480E-A407-9AC34E93CD08}.Debug|x86.ActiveCfg = Debug|Any CPU
		{D68D4B08-4C94-480E-A407-9AC34E93CD08}.Debug|x86.Build.0 = Debug|Any CPU
		{D68D4B08-4C94-480E-A407-9AC34E93CD08}.Release|Any CPU.ActiveCfg = Release|Any CPU
		{D68D4B08-4C94-480E-A407-9AC34E93CD08}.Release|Any CPU.Build.0 = Release|Any CPU
		{D68D4B08-4C94-480E-A407-9AC34E93CD08}.Release|ARM.ActiveCfg = Release|Any CPU
		{D68D4B08-4C94-480E-A407-9AC34E93CD08}.Release|ARM.Build.0 = Release|Any CPU
		{D68D4B08-4C94-480E-A407-9AC34E93CD08}.Release|x64.ActiveCfg = Release|Any CPU
		{D68D4B08-4C94-480E-A407-9AC34E93CD08}.Release|x64.Build.0 = Release|Any CPU
		{D68D4B08-4C94-480E-A407-9AC34E93CD08}.Release|x86.ActiveCfg = Release|Any CPU
		{D68D4B08-4C94-480E-A407-9AC34E93CD08}.Release|x86.Build.0 = Release|Any CPU
		{F43ED985-0D71-4359-88AE-820B6FC2F933}.Debug|Any CPU.ActiveCfg = Debug|Any CPU
		{F43ED985-0D71-4359-88AE-820B6FC2F933}.Debug|Any CPU.Build.0 = Debug|Any CPU
		{F43ED985-0D71-4359-88AE-820B6FC2F933}.Debug|ARM.ActiveCfg = Debug|Any CPU
		{F43ED985-0D71-4359-88AE-820B6FC2F933}.Debug|ARM.Build.0 = Debug|Any CPU
		{F43ED985-0D71-4359-88AE-820B6FC2F933}.Debug|x64.ActiveCfg = Debug|Any CPU
		{F43ED985-0D71-4359-88AE-820B6FC2F933}.Debug|x64.Build.0 = Debug|Any CPU
		{F43ED985-0D71-4359-88AE-820B6FC2F933}.Debug|x86.ActiveCfg = Debug|Any CPU
		{F43ED985-0D71-4359-88AE-820B6FC2F933}.Debug|x86.Build.0 = Debug|Any CPU
		{F43ED985-0D71-4359-88AE-820B6FC2F933}.Release|Any CPU.ActiveCfg = Release|Any CPU
		{F43ED985-0D71-4359-88AE-820B6FC2F933}.Release|Any CPU.Build.0 = Release|Any CPU
		{F43ED985-0D71-4359-88AE-820B6FC2F933}.Release|ARM.ActiveCfg = Release|Any CPU
		{F43ED985-0D71-4359-88AE-820B6FC2F933}.Release|ARM.Build.0 = Release|Any CPU
		{F43ED985-0D71-4359-88AE-820B6FC2F933}.Release|x64.ActiveCfg = Release|Any CPU
		{F43ED985-0D71-4359-88AE-820B6FC2F933}.Release|x64.Build.0 = Release|Any CPU
		{F43ED985-0D71-4359-88AE-820B6FC2F933}.Release|x86.ActiveCfg = Release|Any CPU
		{F43ED985-0D71-4359-88AE-820B6FC2F933}.Release|x86.Build.0 = Release|Any CPU
		{9194170A-1519-4A98-8CF1-C0FC3A9D20DF}.Debug|Any CPU.ActiveCfg = Debug|Any CPU
		{9194170A-1519-4A98-8CF1-C0FC3A9D20DF}.Debug|Any CPU.Build.0 = Debug|Any CPU
		{9194170A-1519-4A98-8CF1-C0FC3A9D20DF}.Debug|ARM.ActiveCfg = Debug|Any CPU
		{9194170A-1519-4A98-8CF1-C0FC3A9D20DF}.Debug|ARM.Build.0 = Debug|Any CPU
		{9194170A-1519-4A98-8CF1-C0FC3A9D20DF}.Debug|x64.ActiveCfg = Debug|Any CPU
		{9194170A-1519-4A98-8CF1-C0FC3A9D20DF}.Debug|x64.Build.0 = Debug|Any CPU
		{9194170A-1519-4A98-8CF1-C0FC3A9D20DF}.Debug|x86.ActiveCfg = Debug|Any CPU
		{9194170A-1519-4A98-8CF1-C0FC3A9D20DF}.Debug|x86.Build.0 = Debug|Any CPU
		{9194170A-1519-4A98-8CF1-C0FC3A9D20DF}.Release|Any CPU.ActiveCfg = Release|Any CPU
		{9194170A-1519-4A98-8CF1-C0FC3A9D20DF}.Release|Any CPU.Build.0 = Release|Any CPU
		{9194170A-1519-4A98-8CF1-C0FC3A9D20DF}.Release|ARM.ActiveCfg = Release|Any CPU
		{9194170A-1519-4A98-8CF1-C0FC3A9D20DF}.Release|ARM.Build.0 = Release|Any CPU
		{9194170A-1519-4A98-8CF1-C0FC3A9D20DF}.Release|x64.ActiveCfg = Release|Any CPU
		{9194170A-1519-4A98-8CF1-C0FC3A9D20DF}.Release|x64.Build.0 = Release|Any CPU
		{9194170A-1519-4A98-8CF1-C0FC3A9D20DF}.Release|x86.ActiveCfg = Release|Any CPU
		{9194170A-1519-4A98-8CF1-C0FC3A9D20DF}.Release|x86.Build.0 = Release|Any CPU
		{302232CE-39C7-455A-848B-78E490893F58}.Debug|Any CPU.ActiveCfg = Debug|Any CPU
		{302232CE-39C7-455A-848B-78E490893F58}.Debug|Any CPU.Build.0 = Debug|Any CPU
		{302232CE-39C7-455A-848B-78E490893F58}.Debug|ARM.ActiveCfg = Debug|Any CPU
		{302232CE-39C7-455A-848B-78E490893F58}.Debug|ARM.Build.0 = Debug|Any CPU
		{302232CE-39C7-455A-848B-78E490893F58}.Debug|x64.ActiveCfg = Debug|Any CPU
		{302232CE-39C7-455A-848B-78E490893F58}.Debug|x64.Build.0 = Debug|Any CPU
		{302232CE-39C7-455A-848B-78E490893F58}.Debug|x86.ActiveCfg = Debug|Any CPU
		{302232CE-39C7-455A-848B-78E490893F58}.Debug|x86.Build.0 = Debug|Any CPU
		{302232CE-39C7-455A-848B-78E490893F58}.Release|Any CPU.ActiveCfg = Release|Any CPU
		{302232CE-39C7-455A-848B-78E490893F58}.Release|Any CPU.Build.0 = Release|Any CPU
		{302232CE-39C7-455A-848B-78E490893F58}.Release|ARM.ActiveCfg = Release|Any CPU
		{302232CE-39C7-455A-848B-78E490893F58}.Release|ARM.Build.0 = Release|Any CPU
		{302232CE-39C7-455A-848B-78E490893F58}.Release|x64.ActiveCfg = Release|Any CPU
		{302232CE-39C7-455A-848B-78E490893F58}.Release|x64.Build.0 = Release|Any CPU
		{302232CE-39C7-455A-848B-78E490893F58}.Release|x86.ActiveCfg = Release|Any CPU
		{302232CE-39C7-455A-848B-78E490893F58}.Release|x86.Build.0 = Release|Any CPU
		{6D258DD8-7977-4069-A1CE-7120B0B4F58E}.Debug|Any CPU.ActiveCfg = Debug|Any CPU
		{6D258DD8-7977-4069-A1CE-7120B0B4F58E}.Debug|Any CPU.Build.0 = Debug|Any CPU
		{6D258DD8-7977-4069-A1CE-7120B0B4F58E}.Debug|ARM.ActiveCfg = Debug|Any CPU
		{6D258DD8-7977-4069-A1CE-7120B0B4F58E}.Debug|ARM.Build.0 = Debug|Any CPU
		{6D258DD8-7977-4069-A1CE-7120B0B4F58E}.Debug|x64.ActiveCfg = Debug|Any CPU
		{6D258DD8-7977-4069-A1CE-7120B0B4F58E}.Debug|x64.Build.0 = Debug|Any CPU
		{6D258DD8-7977-4069-A1CE-7120B0B4F58E}.Debug|x86.ActiveCfg = Debug|Any CPU
		{6D258DD8-7977-4069-A1CE-7120B0B4F58E}.Debug|x86.Build.0 = Debug|Any CPU
		{6D258DD8-7977-4069-A1CE-7120B0B4F58E}.Release|Any CPU.ActiveCfg = Release|Any CPU
		{6D258DD8-7977-4069-A1CE-7120B0B4F58E}.Release|Any CPU.Build.0 = Release|Any CPU
		{6D258DD8-7977-4069-A1CE-7120B0B4F58E}.Release|ARM.ActiveCfg = Release|Any CPU
		{6D258DD8-7977-4069-A1CE-7120B0B4F58E}.Release|ARM.Build.0 = Release|Any CPU
		{6D258DD8-7977-4069-A1CE-7120B0B4F58E}.Release|x64.ActiveCfg = Release|Any CPU
		{6D258DD8-7977-4069-A1CE-7120B0B4F58E}.Release|x64.Build.0 = Release|Any CPU
		{6D258DD8-7977-4069-A1CE-7120B0B4F58E}.Release|x86.ActiveCfg = Release|Any CPU
		{6D258DD8-7977-4069-A1CE-7120B0B4F58E}.Release|x86.Build.0 = Release|Any CPU
	EndGlobalSection
	GlobalSection(SolutionProperties) = preSolution
		HideSolutionNode = FALSE
	EndGlobalSection
EndGlobal
