
Microsoft Visual Studio Solution File, Format Version 12.00
# Visual Studio 15
VisualStudioVersion = 15.0.26403.7
MinimumVisualStudioVersion = 10.0.40219.1
Project("{FAE04EC0-301F-11D3-BF4B-00C04F79EFBC}") = "String and Text Processing", "String and Text Processing\String and Text Processing.csproj", "{A97FCF3A-D308-4BA6-B10A-0E944A1BDD99}"
EndProject
Project("{FAE04EC0-301F-11D3-BF4B-00C04F79EFBC}") = "Convert from Base-10 to Base-N", "Convert from Base-10 to Base-N\Convert from Base-10 to Base-N.csproj", "{7751FA02-EEED-439F-823A-E8C73269DC75}"
EndProject
Project("{FAE04EC0-301F-11D3-BF4B-00C04F79EFBC}") = "Convert from Base-N to Base-10", "Convert from Base-N to Base-10\Convert from Base-N to Base-10.csproj", "{833EAF3B-BC66-40CB-8C18-089898434F14}"
EndProject
Project("{FAE04EC0-301F-11D3-BF4B-00C04F79EFBC}") = "Unicode Characters", "Unicode Characters\Unicode Characters.csproj", "{9F20A4B7-F9EA-4085-B5D9-4613440D3E63}"
EndProject
Project("{FAE04EC0-301F-11D3-BF4B-00C04F79EFBC}") = "Character Multiplier", "Character Multiplier\Character Multiplier.csproj", "{50FBBBFC-986A-417D-83C4-8C5B4409CFEB}"
EndProject
Project("{FAE04EC0-301F-11D3-BF4B-00C04F79EFBC}") = "Magic Exchangeable Words", "Magic Exchangeable Words\Magic Exchangeable Words.csproj", "{4B13ECB2-C8F9-4D75-BD1A-A115B431CC6F}"
EndProject
Project("{FAE04EC0-301F-11D3-BF4B-00C04F79EFBC}") = "Multiply Big Number", "Multiply Big Number\Multiply Big Number.csproj", "{E91B5B17-4D2C-4C66-8411-B9B26856E98B}"
EndProject
Project("{FAE04EC0-301F-11D3-BF4B-00C04F79EFBC}") = "Letters Change Numbers", "Letters Change Numbers\Letters Change Numbers.csproj", "{CA306FF8-8352-4829-92C7-048659C743EC}"
EndProject
Project("{FAE04EC0-301F-11D3-BF4B-00C04F79EFBC}") = "Melrah Shake", "Melrah Shake\Melrah Shake.csproj", "{FA2123F3-DCA8-470D-8486-CCBBD5320BE3}"
EndProject
Global
	GlobalSection(SolutionConfigurationPlatforms) = preSolution
		Debug|Any CPU = Debug|Any CPU
		Debug|ARM = Debug|ARM
		Debug|x64 = Debug|x64
		Debug|x86 = Debug|x86
		Release|Any CPU = Release|Any CPU
		Release|ARM = Release|ARM
		Release|x64 = Release|x64
		Release|x86 = Release|x86
	EndGlobalSection
	GlobalSection(ProjectConfigurationPlatforms) = postSolution
		{A97FCF3A-D308-4BA6-B10A-0E944A1BDD99}.Debug|Any CPU.ActiveCfg = Debug|x86
		{A97FCF3A-D308-4BA6-B10A-0E944A1BDD99}.Debug|ARM.ActiveCfg = Debug|ARM
		{A97FCF3A-D308-4BA6-B10A-0E944A1BDD99}.Debug|ARM.Build.0 = Debug|ARM
		{A97FCF3A-D308-4BA6-B10A-0E944A1BDD99}.Debug|ARM.Deploy.0 = Debug|ARM
		{A97FCF3A-D308-4BA6-B10A-0E944A1BDD99}.Debug|x64.ActiveCfg = Debug|x64
		{A97FCF3A-D308-4BA6-B10A-0E944A1BDD99}.Debug|x64.Build.0 = Debug|x64
		{A97FCF3A-D308-4BA6-B10A-0E944A1BDD99}.Debug|x64.Deploy.0 = Debug|x64
		{A97FCF3A-D308-4BA6-B10A-0E944A1BDD99}.Debug|x86.ActiveCfg = Debug|x86
		{A97FCF3A-D308-4BA6-B10A-0E944A1BDD99}.Debug|x86.Build.0 = Debug|x86
		{A97FCF3A-D308-4BA6-B10A-0E944A1BDD99}.Debug|x86.Deploy.0 = Debug|x86
		{A97FCF3A-D308-4BA6-B10A-0E944A1BDD99}.Release|Any CPU.ActiveCfg = Release|x86
		{A97FCF3A-D308-4BA6-B10A-0E944A1BDD99}.Release|ARM.ActiveCfg = Release|ARM
		{A97FCF3A-D308-4BA6-B10A-0E944A1BDD99}.Release|ARM.Build.0 = Release|ARM
		{A97FCF3A-D308-4BA6-B10A-0E944A1BDD99}.Release|ARM.Deploy.0 = Release|ARM
		{A97FCF3A-D308-4BA6-B10A-0E944A1BDD99}.Release|x64.ActiveCfg = Release|x64
		{A97FCF3A-D308-4BA6-B10A-0E944A1BDD99}.Release|x64.Build.0 = Release|x64
		{A97FCF3A-D308-4BA6-B10A-0E944A1BDD99}.Release|x64.Deploy.0 = Release|x64
		{A97FCF3A-D308-4BA6-B10A-0E944A1BDD99}.Release|x86.ActiveCfg = Release|x86
		{A97FCF3A-D308-4BA6-B10A-0E944A1BDD99}.Release|x86.Build.0 = Release|x86
		{A97FCF3A-D308-4BA6-B10A-0E944A1BDD99}.Release|x86.Deploy.0 = Release|x86
		{7751FA02-EEED-439F-823A-E8C73269DC75}.Debug|Any CPU.ActiveCfg = Debug|Any CPU
		{7751FA02-EEED-439F-823A-E8C73269DC75}.Debug|Any CPU.Build.0 = Debug|Any CPU
		{7751FA02-EEED-439F-823A-E8C73269DC75}.Debug|ARM.ActiveCfg = Debug|Any CPU
		{7751FA02-EEED-439F-823A-E8C73269DC75}.Debug|ARM.Build.0 = Debug|Any CPU
		{7751FA02-EEED-439F-823A-E8C73269DC75}.Debug|x64.ActiveCfg = Debug|Any CPU
		{7751FA02-EEED-439F-823A-E8C73269DC75}.Debug|x64.Build.0 = Debug|Any CPU
		{7751FA02-EEED-439F-823A-E8C73269DC75}.Debug|x86.ActiveCfg = Debug|Any CPU
		{7751FA02-EEED-439F-823A-E8C73269DC75}.Debug|x86.Build.0 = Debug|Any CPU
		{7751FA02-EEED-439F-823A-E8C73269DC75}.Release|Any CPU.ActiveCfg = Release|Any CPU
		{7751FA02-EEED-439F-823A-E8C73269DC75}.Release|Any CPU.Build.0 = Release|Any CPU
		{7751FA02-EEED-439F-823A-E8C73269DC75}.Release|ARM.ActiveCfg = Release|Any CPU
		{7751FA02-EEED-439F-823A-E8C73269DC75}.Release|ARM.Build.0 = Release|Any CPU
		{7751FA02-EEED-439F-823A-E8C73269DC75}.Release|x64.ActiveCfg = Release|Any CPU
		{7751FA02-EEED-439F-823A-E8C73269DC75}.Release|x64.Build.0 = Release|Any CPU
		{7751FA02-EEED-439F-823A-E8C73269DC75}.Release|x86.ActiveCfg = Release|Any CPU
		{7751FA02-EEED-439F-823A-E8C73269DC75}.Release|x86.Build.0 = Release|Any CPU
		{833EAF3B-BC66-40CB-8C18-089898434F14}.Debug|Any CPU.ActiveCfg = Debug|Any CPU
		{833EAF3B-BC66-40CB-8C18-089898434F14}.Debug|Any CPU.Build.0 = Debug|Any CPU
		{833EAF3B-BC66-40CB-8C18-089898434F14}.Debug|ARM.ActiveCfg = Debug|Any CPU
		{833EAF3B-BC66-40CB-8C18-089898434F14}.Debug|ARM.Build.0 = Debug|Any CPU
		{833EAF3B-BC66-40CB-8C18-089898434F14}.Debug|x64.ActiveCfg = Debug|Any CPU
		{833EAF3B-BC66-40CB-8C18-089898434F14}.Debug|x64.Build.0 = Debug|Any CPU
		{833EAF3B-BC66-40CB-8C18-089898434F14}.Debug|x86.ActiveCfg = Debug|Any CPU
		{833EAF3B-BC66-40CB-8C18-089898434F14}.Debug|x86.Build.0 = Debug|Any CPU
		{833EAF3B-BC66-40CB-8C18-089898434F14}.Release|Any CPU.ActiveCfg = Release|Any CPU
		{833EAF3B-BC66-40CB-8C18-089898434F14}.Release|Any CPU.Build.0 = Release|Any CPU
		{833EAF3B-BC66-40CB-8C18-089898434F14}.Release|ARM.ActiveCfg = Release|Any CPU
		{833EAF3B-BC66-40CB-8C18-089898434F14}.Release|ARM.Build.0 = Release|Any CPU
		{833EAF3B-BC66-40CB-8C18-089898434F14}.Release|x64.ActiveCfg = Release|Any CPU
		{833EAF3B-BC66-40CB-8C18-089898434F14}.Release|x64.Build.0 = Release|Any CPU
		{833EAF3B-BC66-40CB-8C18-089898434F14}.Release|x86.ActiveCfg = Release|Any CPU
		{833EAF3B-BC66-40CB-8C18-089898434F14}.Release|x86.Build.0 = Release|Any CPU
		{9F20A4B7-F9EA-4085-B5D9-4613440D3E63}.Debug|Any CPU.ActiveCfg = Debug|Any CPU
		{9F20A4B7-F9EA-4085-B5D9-4613440D3E63}.Debug|Any CPU.Build.0 = Debug|Any CPU
		{9F20A4B7-F9EA-4085-B5D9-4613440D3E63}.Debug|ARM.ActiveCfg = Debug|Any CPU
		{9F20A4B7-F9EA-4085-B5D9-4613440D3E63}.Debug|ARM.Build.0 = Debug|Any CPU
		{9F20A4B7-F9EA-4085-B5D9-4613440D3E63}.Debug|x64.ActiveCfg = Debug|Any CPU
		{9F20A4B7-F9EA-4085-B5D9-4613440D3E63}.Debug|x64.Build.0 = Debug|Any CPU
		{9F20A4B7-F9EA-4085-B5D9-4613440D3E63}.Debug|x86.ActiveCfg = Debug|Any CPU
		{9F20A4B7-F9EA-4085-B5D9-4613440D3E63}.Debug|x86.Build.0 = Debug|Any CPU
		{9F20A4B7-F9EA-4085-B5D9-4613440D3E63}.Release|Any CPU.ActiveCfg = Release|Any CPU
		{9F20A4B7-F9EA-4085-B5D9-4613440D3E63}.Release|Any CPU.Build.0 = Release|Any CPU
		{9F20A4B7-F9EA-4085-B5D9-4613440D3E63}.Release|ARM.ActiveCfg = Release|Any CPU
		{9F20A4B7-F9EA-4085-B5D9-4613440D3E63}.Release|ARM.Build.0 = Release|Any CPU
		{9F20A4B7-F9EA-4085-B5D9-4613440D3E63}.Release|x64.ActiveCfg = Release|Any CPU
		{9F20A4B7-F9EA-4085-B5D9-4613440D3E63}.Release|x64.Build.0 = Release|Any CPU
		{9F20A4B7-F9EA-4085-B5D9-4613440D3E63}.Release|x86.ActiveCfg = Release|Any CPU
		{9F20A4B7-F9EA-4085-B5D9-4613440D3E63}.Release|x86.Build.0 = Release|Any CPU
		{50FBBBFC-986A-417D-83C4-8C5B4409CFEB}.Debug|Any CPU.ActiveCfg = Debug|Any CPU
		{50FBBBFC-986A-417D-83C4-8C5B4409CFEB}.Debug|Any CPU.Build.0 = Debug|Any CPU
		{50FBBBFC-986A-417D-83C4-8C5B4409CFEB}.Debug|ARM.ActiveCfg = Debug|Any CPU
		{50FBBBFC-986A-417D-83C4-8C5B4409CFEB}.Debug|ARM.Build.0 = Debug|Any CPU
		{50FBBBFC-986A-417D-83C4-8C5B4409CFEB}.Debug|x64.ActiveCfg = Debug|Any CPU
		{50FBBBFC-986A-417D-83C4-8C5B4409CFEB}.Debug|x64.Build.0 = Debug|Any CPU
		{50FBBBFC-986A-417D-83C4-8C5B4409CFEB}.Debug|x86.ActiveCfg = Debug|Any CPU
		{50FBBBFC-986A-417D-83C4-8C5B4409CFEB}.Debug|x86.Build.0 = Debug|Any CPU
		{50FBBBFC-986A-417D-83C4-8C5B4409CFEB}.Release|Any CPU.ActiveCfg = Release|Any CPU
		{50FBBBFC-986A-417D-83C4-8C5B4409CFEB}.Release|Any CPU.Build.0 = Release|Any CPU
		{50FBBBFC-986A-417D-83C4-8C5B4409CFEB}.Release|ARM.ActiveCfg = Release|Any CPU
		{50FBBBFC-986A-417D-83C4-8C5B4409CFEB}.Release|ARM.Build.0 = Release|Any CPU
		{50FBBBFC-986A-417D-83C4-8C5B4409CFEB}.Release|x64.ActiveCfg = Release|Any CPU
		{50FBBBFC-986A-417D-83C4-8C5B4409CFEB}.Release|x64.Build.0 = Release|Any CPU
		{50FBBBFC-986A-417D-83C4-8C5B4409CFEB}.Release|x86.ActiveCfg = Release|Any CPU
		{50FBBBFC-986A-417D-83C4-8C5B4409CFEB}.Release|x86.Build.0 = Release|Any CPU
		{4B13ECB2-C8F9-4D75-BD1A-A115B431CC6F}.Debug|Any CPU.ActiveCfg = Debug|Any CPU
		{4B13ECB2-C8F9-4D75-BD1A-A115B431CC6F}.Debug|Any CPU.Build.0 = Debug|Any CPU
		{4B13ECB2-C8F9-4D75-BD1A-A115B431CC6F}.Debug|ARM.ActiveCfg = Debug|Any CPU
		{4B13ECB2-C8F9-4D75-BD1A-A115B431CC6F}.Debug|ARM.Build.0 = Debug|Any CPU
		{4B13ECB2-C8F9-4D75-BD1A-A115B431CC6F}.Debug|x64.ActiveCfg = Debug|Any CPU
		{4B13ECB2-C8F9-4D75-BD1A-A115B431CC6F}.Debug|x64.Build.0 = Debug|Any CPU
		{4B13ECB2-C8F9-4D75-BD1A-A115B431CC6F}.Debug|x86.ActiveCfg = Debug|Any CPU
		{4B13ECB2-C8F9-4D75-BD1A-A115B431CC6F}.Debug|x86.Build.0 = Debug|Any CPU
		{4B13ECB2-C8F9-4D75-BD1A-A115B431CC6F}.Release|Any CPU.ActiveCfg = Release|Any CPU
		{4B13ECB2-C8F9-4D75-BD1A-A115B431CC6F}.Release|Any CPU.Build.0 = Release|Any CPU
		{4B13ECB2-C8F9-4D75-BD1A-A115B431CC6F}.Release|ARM.ActiveCfg = Release|Any CPU
		{4B13ECB2-C8F9-4D75-BD1A-A115B431CC6F}.Release|ARM.Build.0 = Release|Any CPU
		{4B13ECB2-C8F9-4D75-BD1A-A115B431CC6F}.Release|x64.ActiveCfg = Release|Any CPU
		{4B13ECB2-C8F9-4D75-BD1A-A115B431CC6F}.Release|x64.Build.0 = Release|Any CPU
		{4B13ECB2-C8F9-4D75-BD1A-A115B431CC6F}.Release|x86.ActiveCfg = Release|Any CPU
		{4B13ECB2-C8F9-4D75-BD1A-A115B431CC6F}.Release|x86.Build.0 = Release|Any CPU
		{E91B5B17-4D2C-4C66-8411-B9B26856E98B}.Debug|Any CPU.ActiveCfg = Debug|Any CPU
		{E91B5B17-4D2C-4C66-8411-B9B26856E98B}.Debug|Any CPU.Build.0 = Debug|Any CPU
		{E91B5B17-4D2C-4C66-8411-B9B26856E98B}.Debug|ARM.ActiveCfg = Debug|Any CPU
		{E91B5B17-4D2C-4C66-8411-B9B26856E98B}.Debug|ARM.Build.0 = Debug|Any CPU
		{E91B5B17-4D2C-4C66-8411-B9B26856E98B}.Debug|x64.ActiveCfg = Debug|Any CPU
		{E91B5B17-4D2C-4C66-8411-B9B26856E98B}.Debug|x64.Build.0 = Debug|Any CPU
		{E91B5B17-4D2C-4C66-8411-B9B26856E98B}.Debug|x86.ActiveCfg = Debug|Any CPU
		{E91B5B17-4D2C-4C66-8411-B9B26856E98B}.Debug|x86.Build.0 = Debug|Any CPU
		{E91B5B17-4D2C-4C66-8411-B9B26856E98B}.Release|Any CPU.ActiveCfg = Release|Any CPU
		{E91B5B17-4D2C-4C66-8411-B9B26856E98B}.Release|Any CPU.Build.0 = Release|Any CPU
		{E91B5B17-4D2C-4C66-8411-B9B26856E98B}.Release|ARM.ActiveCfg = Release|Any CPU
		{E91B5B17-4D2C-4C66-8411-B9B26856E98B}.Release|ARM.Build.0 = Release|Any CPU
		{E91B5B17-4D2C-4C66-8411-B9B26856E98B}.Release|x64.ActiveCfg = Release|Any CPU
		{E91B5B17-4D2C-4C66-8411-B9B26856E98B}.Release|x64.Build.0 = Release|Any CPU
		{E91B5B17-4D2C-4C66-8411-B9B26856E98B}.Release|x86.ActiveCfg = Release|Any CPU
		{E91B5B17-4D2C-4C66-8411-B9B26856E98B}.Release|x86.Build.0 = Release|Any CPU
		{CA306FF8-8352-4829-92C7-048659C743EC}.Debug|Any CPU.ActiveCfg = Debug|Any CPU
		{CA306FF8-8352-4829-92C7-048659C743EC}.Debug|Any CPU.Build.0 = Debug|Any CPU
		{CA306FF8-8352-4829-92C7-048659C743EC}.Debug|ARM.ActiveCfg = Debug|Any CPU
		{CA306FF8-8352-4829-92C7-048659C743EC}.Debug|ARM.Build.0 = Debug|Any CPU
		{CA306FF8-8352-4829-92C7-048659C743EC}.Debug|x64.ActiveCfg = Debug|Any CPU
		{CA306FF8-8352-4829-92C7-048659C743EC}.Debug|x64.Build.0 = Debug|Any CPU
		{CA306FF8-8352-4829-92C7-048659C743EC}.Debug|x86.ActiveCfg = Debug|Any CPU
		{CA306FF8-8352-4829-92C7-048659C743EC}.Debug|x86.Build.0 = Debug|Any CPU
		{CA306FF8-8352-4829-92C7-048659C743EC}.Release|Any CPU.ActiveCfg = Release|Any CPU
		{CA306FF8-8352-4829-92C7-048659C743EC}.Release|Any CPU.Build.0 = Release|Any CPU
		{CA306FF8-8352-4829-92C7-048659C743EC}.Release|ARM.ActiveCfg = Release|Any CPU
		{CA306FF8-8352-4829-92C7-048659C743EC}.Release|ARM.Build.0 = Release|Any CPU
		{CA306FF8-8352-4829-92C7-048659C743EC}.Release|x64.ActiveCfg = Release|Any CPU
		{CA306FF8-8352-4829-92C7-048659C743EC}.Release|x64.Build.0 = Release|Any CPU
		{CA306FF8-8352-4829-92C7-048659C743EC}.Release|x86.ActiveCfg = Release|Any CPU
		{CA306FF8-8352-4829-92C7-048659C743EC}.Release|x86.Build.0 = Release|Any CPU
		{FA2123F3-DCA8-470D-8486-CCBBD5320BE3}.Debug|Any CPU.ActiveCfg = Debug|Any CPU
		{FA2123F3-DCA8-470D-8486-CCBBD5320BE3}.Debug|Any CPU.Build.0 = Debug|Any CPU
		{FA2123F3-DCA8-470D-8486-CCBBD5320BE3}.Debug|ARM.ActiveCfg = Debug|Any CPU
		{FA2123F3-DCA8-470D-8486-CCBBD5320BE3}.Debug|ARM.Build.0 = Debug|Any CPU
		{FA2123F3-DCA8-470D-8486-CCBBD5320BE3}.Debug|x64.ActiveCfg = Debug|Any CPU
		{FA2123F3-DCA8-470D-8486-CCBBD5320BE3}.Debug|x64.Build.0 = Debug|Any CPU
		{FA2123F3-DCA8-470D-8486-CCBBD5320BE3}.Debug|x86.ActiveCfg = Debug|Any CPU
		{FA2123F3-DCA8-470D-8486-CCBBD5320BE3}.Debug|x86.Build.0 = Debug|Any CPU
		{FA2123F3-DCA8-470D-8486-CCBBD5320BE3}.Release|Any CPU.ActiveCfg = Release|Any CPU
		{FA2123F3-DCA8-470D-8486-CCBBD5320BE3}.Release|Any CPU.Build.0 = Release|Any CPU
		{FA2123F3-DCA8-470D-8486-CCBBD5320BE3}.Release|ARM.ActiveCfg = Release|Any CPU
		{FA2123F3-DCA8-470D-8486-CCBBD5320BE3}.Release|ARM.Build.0 = Release|Any CPU
		{FA2123F3-DCA8-470D-8486-CCBBD5320BE3}.Release|x64.ActiveCfg = Release|Any CPU
		{FA2123F3-DCA8-470D-8486-CCBBD5320BE3}.Release|x64.Build.0 = Release|Any CPU
		{FA2123F3-DCA8-470D-8486-CCBBD5320BE3}.Release|x86.ActiveCfg = Release|Any CPU
		{FA2123F3-DCA8-470D-8486-CCBBD5320BE3}.Release|x86.Build.0 = Release|Any CPU
	EndGlobalSection
	GlobalSection(SolutionProperties) = preSolution
		HideSolutionNode = FALSE
	EndGlobalSection
EndGlobal
