
Microsoft Visual Studio Solution File, Format Version 12.00
# Visual Studio 15
VisualStudioVersion = 15.0.26403.7
MinimumVisualStudioVersion = 10.0.40219.1
Project("{FAE04EC0-301F-11D3-BF4B-00C04F79EFBC}") = "Exam Preparation II", "Exam Preparation II\Exam Preparation II.csproj", "{9596D24C-6A38-4FF0-9AA8-75306FFF1F8E}"
EndProject
Project("{FAE04EC0-301F-11D3-BF4B-00C04F79EFBC}") = "Charity Marathon2", "Charity Marathon2\Charity Marathon2.csproj", "{1CA8246F-D75C-4AC3-8C11-6E5BB0B01D67}"
EndProject
Project("{FAE04EC0-301F-11D3-BF4B-00C04F79EFBC}") = "Lady Bugs", "Lady Bugs\Lady Bugs.csproj", "{C4D41CA3-296D-4D41-9E42-1A2D062D4F79}"
EndProject
Global
	GlobalSection(SolutionConfigurationPlatforms) = preSolution
		Debug|Any CPU = Debug|Any CPU
		Debug|ARM = Debug|ARM
		Debug|x64 = Debug|x64
		Debug|x86 = Debug|x86
		Release|Any CPU = Release|Any CPU
		Release|ARM = Release|ARM
		Release|x64 = Release|x64
		Release|x86 = Release|x86
	EndGlobalSection
	GlobalSection(ProjectConfigurationPlatforms) = postSolution
		{9596D24C-6A38-4FF0-9AA8-75306FFF1F8E}.Debug|Any CPU.ActiveCfg = Debug|x86
		{9596D24C-6A38-4FF0-9AA8-75306FFF1F8E}.Debug|ARM.ActiveCfg = Debug|ARM
		{9596D24C-6A38-4FF0-9AA8-75306FFF1F8E}.Debug|ARM.Build.0 = Debug|ARM
		{9596D24C-6A38-4FF0-9AA8-75306FFF1F8E}.Debug|ARM.Deploy.0 = Debug|ARM
		{9596D24C-6A38-4FF0-9AA8-75306FFF1F8E}.Debug|x64.ActiveCfg = Debug|x64
		{9596D24C-6A38-4FF0-9AA8-75306FFF1F8E}.Debug|x64.Build.0 = Debug|x64
		{9596D24C-6A38-4FF0-9AA8-75306FFF1F8E}.Debug|x64.Deploy.0 = Debug|x64
		{9596D24C-6A38-4FF0-9AA8-75306FFF1F8E}.Debug|x86.ActiveCfg = Debug|x86
		{9596D24C-6A38-4FF0-9AA8-75306FFF1F8E}.Debug|x86.Build.0 = Debug|x86
		{9596D24C-6A38-4FF0-9AA8-75306FFF1F8E}.Debug|x86.Deploy.0 = Debug|x86
		{9596D24C-6A38-4FF0-9AA8-75306FFF1F8E}.Release|Any CPU.ActiveCfg = Release|x86
		{9596D24C-6A38-4FF0-9AA8-75306FFF1F8E}.Release|ARM.ActiveCfg = Release|ARM
		{9596D24C-6A38-4FF0-9AA8-75306FFF1F8E}.Release|ARM.Build.0 = Release|ARM
		{9596D24C-6A38-4FF0-9AA8-75306FFF1F8E}.Release|ARM.Deploy.0 = Release|ARM
		{9596D24C-6A38-4FF0-9AA8-75306FFF1F8E}.Release|x64.ActiveCfg = Release|x64
		{9596D24C-6A38-4FF0-9AA8-75306FFF1F8E}.Release|x64.Build.0 = Release|x64
		{9596D24C-6A38-4FF0-9AA8-75306FFF1F8E}.Release|x64.Deploy.0 = Release|x64
		{9596D24C-6A38-4FF0-9AA8-75306FFF1F8E}.Release|x86.ActiveCfg = Release|x86
		{9596D24C-6A38-4FF0-9AA8-75306FFF1F8E}.Release|x86.Build.0 = Release|x86
		{9596D24C-6A38-4FF0-9AA8-75306FFF1F8E}.Release|x86.Deploy.0 = Release|x86
		{1CA8246F-D75C-4AC3-8C11-6E5BB0B01D67}.Debug|Any CPU.ActiveCfg = Debug|Any CPU
		{1CA8246F-D75C-4AC3-8C11-6E5BB0B01D67}.Debug|Any CPU.Build.0 = Debug|Any CPU
		{1CA8246F-D75C-4AC3-8C11-6E5BB0B01D67}.Debug|ARM.ActiveCfg = Debug|Any CPU
		{1CA8246F-D75C-4AC3-8C11-6E5BB0B01D67}.Debug|ARM.Build.0 = Debug|Any CPU
		{1CA8246F-D75C-4AC3-8C11-6E5BB0B01D67}.Debug|x64.ActiveCfg = Debug|Any CPU
		{1CA8246F-D75C-4AC3-8C11-6E5BB0B01D67}.Debug|x64.Build.0 = Debug|Any CPU
		{1CA8246F-D75C-4AC3-8C11-6E5BB0B01D67}.Debug|x86.ActiveCfg = Debug|Any CPU
		{1CA8246F-D75C-4AC3-8C11-6E5BB0B01D67}.Debug|x86.Build.0 = Debug|Any CPU
		{1CA8246F-D75C-4AC3-8C11-6E5BB0B01D67}.Release|Any CPU.ActiveCfg = Release|Any CPU
		{1CA8246F-D75C-4AC3-8C11-6E5BB0B01D67}.Release|Any CPU.Build.0 = Release|Any CPU
		{1CA8246F-D75C-4AC3-8C11-6E5BB0B01D67}.Release|ARM.ActiveCfg = Release|Any CPU
		{1CA8246F-D75C-4AC3-8C11-6E5BB0B01D67}.Release|ARM.Build.0 = Release|Any CPU
		{1CA8246F-D75C-4AC3-8C11-6E5BB0B01D67}.Release|x64.ActiveCfg = Release|Any CPU
		{1CA8246F-D75C-4AC3-8C11-6E5BB0B01D67}.Release|x64.Build.0 = Release|Any CPU
		{1CA8246F-D75C-4AC3-8C11-6E5BB0B01D67}.Release|x86.ActiveCfg = Release|Any CPU
		{1CA8246F-D75C-4AC3-8C11-6E5BB0B01D67}.Release|x86.Build.0 = Release|Any CPU
		{C4D41CA3-296D-4D41-9E42-1A2D062D4F79}.Debug|Any CPU.ActiveCfg = Debug|Any CPU
		{C4D41CA3-296D-4D41-9E42-1A2D062D4F79}.Debug|Any CPU.Build.0 = Debug|Any CPU
		{C4D41CA3-296D-4D41-9E42-1A2D062D4F79}.Debug|ARM.ActiveCfg = Debug|Any CPU
		{C4D41CA3-296D-4D41-9E42-1A2D062D4F79}.Debug|ARM.Build.0 = Debug|Any CPU
		{C4D41CA3-296D-4D41-9E42-1A2D062D4F79}.Debug|x64.ActiveCfg = Debug|Any CPU
		{C4D41CA3-296D-4D41-9E42-1A2D062D4F79}.Debug|x64.Build.0 = Debug|Any CPU
		{C4D41CA3-296D-4D41-9E42-1A2D062D4F79}.Debug|x86.ActiveCfg = Debug|Any CPU
		{C4D41CA3-296D-4D41-9E42-1A2D062D4F79}.Debug|x86.Build.0 = Debug|Any CPU
		{C4D41CA3-296D-4D41-9E42-1A2D062D4F79}.Release|Any CPU.ActiveCfg = Release|Any CPU
		{C4D41CA3-296D-4D41-9E42-1A2D062D4F79}.Release|Any CPU.Build.0 = Release|Any CPU
		{C4D41CA3-296D-4D41-9E42-1A2D062D4F79}.Release|ARM.ActiveCfg = Release|Any CPU
		{C4D41CA3-296D-4D41-9E42-1A2D062D4F79}.Release|ARM.Build.0 = Release|Any CPU
		{C4D41CA3-296D-4D41-9E42-1A2D062D4F79}.Release|x64.ActiveCfg = Release|Any CPU
		{C4D41CA3-296D-4D41-9E42-1A2D062D4F79}.Release|x64.Build.0 = Release|Any CPU
		{C4D41CA3-296D-4D41-9E42-1A2D062D4F79}.Release|x86.ActiveCfg = Release|Any CPU
		{C4D41CA3-296D-4D41-9E42-1A2D062D4F79}.Release|x86.Build.0 = Release|Any CPU
	EndGlobalSection
	GlobalSection(SolutionProperties) = preSolution
		HideSolutionNode = FALSE
	EndGlobalSection
EndGlobal
