
Microsoft Visual Studio Solution File, Format Version 12.00
# Visual Studio 15
VisualStudioVersion = 15.0.26403.7
MinimumVisualStudioVersion = 10.0.40219.1
Project("{FAE04EC0-301F-11D3-BF4B-00C04F79EFBC}") = "Data Types and Variables", "Data Types and Variables\Data Types and Variables.csproj", "{2942846C-395A-49DE-9886-02F96A0BD0CC}"
EndProject
Project("{FAE04EC0-301F-11D3-BF4B-00C04F79EFBC}") = "Practise Integer Numbers", "Practise Integer Numbers\Practise Integer Numbers.csproj", "{BDA08657-F457-439D-821C-656F8079740E}"
EndProject
Project("{FAE04EC0-301F-11D3-BF4B-00C04F79EFBC}") = "Practise Floating Point Numbers", "Practise Floating Point Numbers\Practise Floating Point Numbers.csproj", "{636CA231-14CE-4A66-AB56-97C10A807875}"
EndProject
Project("{FAE04EC0-301F-11D3-BF4B-00C04F79EFBC}") = "Practise Characters and Strings", "Practise Characters and Strings\Practise Characters and Strings.csproj", "{457CBC7D-0C4B-4EFE-A6CD-C099C8817723}"
EndProject
Project("{FAE04EC0-301F-11D3-BF4B-00C04F79EFBC}") = "Variable in Hexadecimal Format", "Variable in Hexadecimal Format\Variable in Hexadecimal Format.csproj", "{E73B7DB2-1BCA-400D-ACFD-70C8B13D9970}"
EndProject
Project("{FAE04EC0-301F-11D3-BF4B-00C04F79EFBC}") = "Boolean Variable", "Boolean Variable\Boolean Variable.csproj", "{12149E7B-C3BA-4FE7-82AB-C1B5E20B736B}"
EndProject
Project("{FAE04EC0-301F-11D3-BF4B-00C04F79EFBC}") = "Exchange Variable Values", "Exchange Variable Values\Exchange Variable Values.csproj", "{FD3576A2-22F4-46B0-87E2-DDD862700573}"
EndProject
Project("{FAE04EC0-301F-11D3-BF4B-00C04F79EFBC}") = "Employee Data", "Employee Data\Employee Data.csproj", "{02F35775-2BA5-4BBD-AE72-0FDA9E142087}"
EndProject
Project("{FAE04EC0-301F-11D3-BF4B-00C04F79EFBC}") = "Reverse Characters", "Reverse Characters\Reverse Characters.csproj", "{EF7CC2E2-B634-44E5-BA0C-AE78D23A041B}"
EndProject
Project("{FAE04EC0-301F-11D3-BF4B-00C04F79EFBC}") = "Centuries to Nanoseconds", "Centuries to Nanoseconds\Centuries to Nanoseconds.csproj", "{A0A83799-A2C3-4551-BF0A-B83DA7EE2338}"
EndProject
Project("{FAE04EC0-301F-11D3-BF4B-00C04F79EFBC}") = "Convert Speed Units", "Convert Speed Units\Convert Speed Units.csproj", "{58556474-C5D8-445E-BF8C-86BB57BC9698}"
EndProject
Project("{FAE04EC0-301F-11D3-BF4B-00C04F79EFBC}") = "Rectangle Properties", "Rectangle Properties\Rectangle Properties.csproj", "{F0BD7DE7-11A4-4F5B-BF3A-004606C6379B}"
EndProject
Project("{FAE04EC0-301F-11D3-BF4B-00C04F79EFBC}") = "Vowel or Digit", "Vowel or Digit\Vowel or Digit.csproj", "{E6A549FD-174E-4314-AFC1-2F13BBA87641}"
EndProject
Project("{FAE04EC0-301F-11D3-BF4B-00C04F79EFBC}") = "Different integers size", "Different integers size\Different integers size.csproj", "{15878B83-6922-440F-8B27-9567E26A7AB3}"
EndProject
Project("{FAE04EC0-301F-11D3-BF4B-00C04F79EFBC}") = "Fast Prime Checker", "Fast Prime Checker\Fast Prime Checker.csproj", "{75596A04-01AD-450D-8449-0621DD3814A5}"
EndProject
Global
	GlobalSection(SolutionConfigurationPlatforms) = preSolution
		Debug|Any CPU = Debug|Any CPU
		Debug|ARM = Debug|ARM
		Debug|x64 = Debug|x64
		Debug|x86 = Debug|x86
		Release|Any CPU = Release|Any CPU
		Release|ARM = Release|ARM
		Release|x64 = Release|x64
		Release|x86 = Release|x86
	EndGlobalSection
	GlobalSection(ProjectConfigurationPlatforms) = postSolution
		{2942846C-395A-49DE-9886-02F96A0BD0CC}.Debug|Any CPU.ActiveCfg = Debug|x86
		{2942846C-395A-49DE-9886-02F96A0BD0CC}.Debug|ARM.ActiveCfg = Debug|ARM
		{2942846C-395A-49DE-9886-02F96A0BD0CC}.Debug|ARM.Build.0 = Debug|ARM
		{2942846C-395A-49DE-9886-02F96A0BD0CC}.Debug|ARM.Deploy.0 = Debug|ARM
		{2942846C-395A-49DE-9886-02F96A0BD0CC}.Debug|x64.ActiveCfg = Debug|x64
		{2942846C-395A-49DE-9886-02F96A0BD0CC}.Debug|x64.Build.0 = Debug|x64
		{2942846C-395A-49DE-9886-02F96A0BD0CC}.Debug|x64.Deploy.0 = Debug|x64
		{2942846C-395A-49DE-9886-02F96A0BD0CC}.Debug|x86.ActiveCfg = Debug|x86
		{2942846C-395A-49DE-9886-02F96A0BD0CC}.Debug|x86.Build.0 = Debug|x86
		{2942846C-395A-49DE-9886-02F96A0BD0CC}.Debug|x86.Deploy.0 = Debug|x86
		{2942846C-395A-49DE-9886-02F96A0BD0CC}.Release|Any CPU.ActiveCfg = Release|x86
		{2942846C-395A-49DE-9886-02F96A0BD0CC}.Release|ARM.ActiveCfg = Release|ARM
		{2942846C-395A-49DE-9886-02F96A0BD0CC}.Release|ARM.Build.0 = Release|ARM
		{2942846C-395A-49DE-9886-02F96A0BD0CC}.Release|ARM.Deploy.0 = Release|ARM
		{2942846C-395A-49DE-9886-02F96A0BD0CC}.Release|x64.ActiveCfg = Release|x64
		{2942846C-395A-49DE-9886-02F96A0BD0CC}.Release|x64.Build.0 = Release|x64
		{2942846C-395A-49DE-9886-02F96A0BD0CC}.Release|x64.Deploy.0 = Release|x64
		{2942846C-395A-49DE-9886-02F96A0BD0CC}.Release|x86.ActiveCfg = Release|x86
		{2942846C-395A-49DE-9886-02F96A0BD0CC}.Release|x86.Build.0 = Release|x86
		{2942846C-395A-49DE-9886-02F96A0BD0CC}.Release|x86.Deploy.0 = Release|x86
		{BDA08657-F457-439D-821C-656F8079740E}.Debug|Any CPU.ActiveCfg = Debug|Any CPU
		{BDA08657-F457-439D-821C-656F8079740E}.Debug|Any CPU.Build.0 = Debug|Any CPU
		{BDA08657-F457-439D-821C-656F8079740E}.Debug|ARM.ActiveCfg = Debug|Any CPU
		{BDA08657-F457-439D-821C-656F8079740E}.Debug|ARM.Build.0 = Debug|Any CPU
		{BDA08657-F457-439D-821C-656F8079740E}.Debug|x64.ActiveCfg = Debug|Any CPU
		{BDA08657-F457-439D-821C-656F8079740E}.Debug|x64.Build.0 = Debug|Any CPU
		{BDA08657-F457-439D-821C-656F8079740E}.Debug|x86.ActiveCfg = Debug|Any CPU
		{BDA08657-F457-439D-821C-656F8079740E}.Debug|x86.Build.0 = Debug|Any CPU
		{BDA08657-F457-439D-821C-656F8079740E}.Release|Any CPU.ActiveCfg = Release|Any CPU
		{BDA08657-F457-439D-821C-656F8079740E}.Release|Any CPU.Build.0 = Release|Any CPU
		{BDA08657-F457-439D-821C-656F8079740E}.Release|ARM.ActiveCfg = Release|Any CPU
		{BDA08657-F457-439D-821C-656F8079740E}.Release|ARM.Build.0 = Release|Any CPU
		{BDA08657-F457-439D-821C-656F8079740E}.Release|x64.ActiveCfg = Release|Any CPU
		{BDA08657-F457-439D-821C-656F8079740E}.Release|x64.Build.0 = Release|Any CPU
		{BDA08657-F457-439D-821C-656F8079740E}.Release|x86.ActiveCfg = Release|Any CPU
		{BDA08657-F457-439D-821C-656F8079740E}.Release|x86.Build.0 = Release|Any CPU
		{636CA231-14CE-4A66-AB56-97C10A807875}.Debug|Any CPU.ActiveCfg = Debug|Any CPU
		{636CA231-14CE-4A66-AB56-97C10A807875}.Debug|Any CPU.Build.0 = Debug|Any CPU
		{636CA231-14CE-4A66-AB56-97C10A807875}.Debug|ARM.ActiveCfg = Debug|Any CPU
		{636CA231-14CE-4A66-AB56-97C10A807875}.Debug|ARM.Build.0 = Debug|Any CPU
		{636CA231-14CE-4A66-AB56-97C10A807875}.Debug|x64.ActiveCfg = Debug|Any CPU
		{636CA231-14CE-4A66-AB56-97C10A807875}.Debug|x64.Build.0 = Debug|Any CPU
		{636CA231-14CE-4A66-AB56-97C10A807875}.Debug|x86.ActiveCfg = Debug|Any CPU
		{636CA231-14CE-4A66-AB56-97C10A807875}.Debug|x86.Build.0 = Debug|Any CPU
		{636CA231-14CE-4A66-AB56-97C10A807875}.Release|Any CPU.ActiveCfg = Release|Any CPU
		{636CA231-14CE-4A66-AB56-97C10A807875}.Release|Any CPU.Build.0 = Release|Any CPU
		{636CA231-14CE-4A66-AB56-97C10A807875}.Release|ARM.ActiveCfg = Release|Any CPU
		{636CA231-14CE-4A66-AB56-97C10A807875}.Release|ARM.Build.0 = Release|Any CPU
		{636CA231-14CE-4A66-AB56-97C10A807875}.Release|x64.ActiveCfg = Release|Any CPU
		{636CA231-14CE-4A66-AB56-97C10A807875}.Release|x64.Build.0 = Release|Any CPU
		{636CA231-14CE-4A66-AB56-97C10A807875}.Release|x86.ActiveCfg = Release|Any CPU
		{636CA231-14CE-4A66-AB56-97C10A807875}.Release|x86.Build.0 = Release|Any CPU
		{457CBC7D-0C4B-4EFE-A6CD-C099C8817723}.Debug|Any CPU.ActiveCfg = Debug|Any CPU
		{457CBC7D-0C4B-4EFE-A6CD-C099C8817723}.Debug|Any CPU.Build.0 = Debug|Any CPU
		{457CBC7D-0C4B-4EFE-A6CD-C099C8817723}.Debug|ARM.ActiveCfg = Debug|Any CPU
		{457CBC7D-0C4B-4EFE-A6CD-C099C8817723}.Debug|ARM.Build.0 = Debug|Any CPU
		{457CBC7D-0C4B-4EFE-A6CD-C099C8817723}.Debug|x64.ActiveCfg = Debug|Any CPU
		{457CBC7D-0C4B-4EFE-A6CD-C099C8817723}.Debug|x64.Build.0 = Debug|Any CPU
		{457CBC7D-0C4B-4EFE-A6CD-C099C8817723}.Debug|x86.ActiveCfg = Debug|Any CPU
		{457CBC7D-0C4B-4EFE-A6CD-C099C8817723}.Debug|x86.Build.0 = Debug|Any CPU
		{457CBC7D-0C4B-4EFE-A6CD-C099C8817723}.Release|Any CPU.ActiveCfg = Release|Any CPU
		{457CBC7D-0C4B-4EFE-A6CD-C099C8817723}.Release|Any CPU.Build.0 = Release|Any CPU
		{457CBC7D-0C4B-4EFE-A6CD-C099C8817723}.Release|ARM.ActiveCfg = Release|Any CPU
		{457CBC7D-0C4B-4EFE-A6CD-C099C8817723}.Release|ARM.Build.0 = Release|Any CPU
		{457CBC7D-0C4B-4EFE-A6CD-C099C8817723}.Release|x64.ActiveCfg = Release|Any CPU
		{457CBC7D-0C4B-4EFE-A6CD-C099C8817723}.Release|x64.Build.0 = Release|Any CPU
		{457CBC7D-0C4B-4EFE-A6CD-C099C8817723}.Release|x86.ActiveCfg = Release|Any CPU
		{457CBC7D-0C4B-4EFE-A6CD-C099C8817723}.Release|x86.Build.0 = Release|Any CPU
		{E73B7DB2-1BCA-400D-ACFD-70C8B13D9970}.Debug|Any CPU.ActiveCfg = Debug|Any CPU
		{E73B7DB2-1BCA-400D-ACFD-70C8B13D9970}.Debug|Any CPU.Build.0 = Debug|Any CPU
		{E73B7DB2-1BCA-400D-ACFD-70C8B13D9970}.Debug|ARM.ActiveCfg = Debug|Any CPU
		{E73B7DB2-1BCA-400D-ACFD-70C8B13D9970}.Debug|ARM.Build.0 = Debug|Any CPU
		{E73B7DB2-1BCA-400D-ACFD-70C8B13D9970}.Debug|x64.ActiveCfg = Debug|Any CPU
		{E73B7DB2-1BCA-400D-ACFD-70C8B13D9970}.Debug|x64.Build.0 = Debug|Any CPU
		{E73B7DB2-1BCA-400D-ACFD-70C8B13D9970}.Debug|x86.ActiveCfg = Debug|Any CPU
		{E73B7DB2-1BCA-400D-ACFD-70C8B13D9970}.Debug|x86.Build.0 = Debug|Any CPU
		{E73B7DB2-1BCA-400D-ACFD-70C8B13D9970}.Release|Any CPU.ActiveCfg = Release|Any CPU
		{E73B7DB2-1BCA-400D-ACFD-70C8B13D9970}.Release|Any CPU.Build.0 = Release|Any CPU
		{E73B7DB2-1BCA-400D-ACFD-70C8B13D9970}.Release|ARM.ActiveCfg = Release|Any CPU
		{E73B7DB2-1BCA-400D-ACFD-70C8B13D9970}.Release|ARM.Build.0 = Release|Any CPU
		{E73B7DB2-1BCA-400D-ACFD-70C8B13D9970}.Release|x64.ActiveCfg = Release|Any CPU
		{E73B7DB2-1BCA-400D-ACFD-70C8B13D9970}.Release|x64.Build.0 = Release|Any CPU
		{E73B7DB2-1BCA-400D-ACFD-70C8B13D9970}.Release|x86.ActiveCfg = Release|Any CPU
		{E73B7DB2-1BCA-400D-ACFD-70C8B13D9970}.Release|x86.Build.0 = Release|Any CPU
		{12149E7B-C3BA-4FE7-82AB-C1B5E20B736B}.Debug|Any CPU.ActiveCfg = Debug|Any CPU
		{12149E7B-C3BA-4FE7-82AB-C1B5E20B736B}.Debug|Any CPU.Build.0 = Debug|Any CPU
		{12149E7B-C3BA-4FE7-82AB-C1B5E20B736B}.Debug|ARM.ActiveCfg = Debug|Any CPU
		{12149E7B-C3BA-4FE7-82AB-C1B5E20B736B}.Debug|ARM.Build.0 = Debug|Any CPU
		{12149E7B-C3BA-4FE7-82AB-C1B5E20B736B}.Debug|x64.ActiveCfg = Debug|Any CPU
		{12149E7B-C3BA-4FE7-82AB-C1B5E20B736B}.Debug|x64.Build.0 = Debug|Any CPU
		{12149E7B-C3BA-4FE7-82AB-C1B5E20B736B}.Debug|x86.ActiveCfg = Debug|Any CPU
		{12149E7B-C3BA-4FE7-82AB-C1B5E20B736B}.Debug|x86.Build.0 = Debug|Any CPU
		{12149E7B-C3BA-4FE7-82AB-C1B5E20B736B}.Release|Any CPU.ActiveCfg = Release|Any CPU
		{12149E7B-C3BA-4FE7-82AB-C1B5E20B736B}.Release|Any CPU.Build.0 = Release|Any CPU
		{12149E7B-C3BA-4FE7-82AB-C1B5E20B736B}.Release|ARM.ActiveCfg = Release|Any CPU
		{12149E7B-C3BA-4FE7-82AB-C1B5E20B736B}.Release|ARM.Build.0 = Release|Any CPU
		{12149E7B-C3BA-4FE7-82AB-C1B5E20B736B}.Release|x64.ActiveCfg = Release|Any CPU
		{12149E7B-C3BA-4FE7-82AB-C1B5E20B736B}.Release|x64.Build.0 = Release|Any CPU
		{12149E7B-C3BA-4FE7-82AB-C1B5E20B736B}.Release|x86.ActiveCfg = Release|Any CPU
		{12149E7B-C3BA-4FE7-82AB-C1B5E20B736B}.Release|x86.Build.0 = Release|Any CPU
		{FD3576A2-22F4-46B0-87E2-DDD862700573}.Debug|Any CPU.ActiveCfg = Debug|Any CPU
		{FD3576A2-22F4-46B0-87E2-DDD862700573}.Debug|Any CPU.Build.0 = Debug|Any CPU
		{FD3576A2-22F4-46B0-87E2-DDD862700573}.Debug|ARM.ActiveCfg = Debug|Any CPU
		{FD3576A2-22F4-46B0-87E2-DDD862700573}.Debug|ARM.Build.0 = Debug|Any CPU
		{FD3576A2-22F4-46B0-87E2-DDD862700573}.Debug|x64.ActiveCfg = Debug|Any CPU
		{FD3576A2-22F4-46B0-87E2-DDD862700573}.Debug|x64.Build.0 = Debug|Any CPU
		{FD3576A2-22F4-46B0-87E2-DDD862700573}.Debug|x86.ActiveCfg = Debug|Any CPU
		{FD3576A2-22F4-46B0-87E2-DDD862700573}.Debug|x86.Build.0 = Debug|Any CPU
		{FD3576A2-22F4-46B0-87E2-DDD862700573}.Release|Any CPU.ActiveCfg = Release|Any CPU
		{FD3576A2-22F4-46B0-87E2-DDD862700573}.Release|Any CPU.Build.0 = Release|Any CPU
		{FD3576A2-22F4-46B0-87E2-DDD862700573}.Release|ARM.ActiveCfg = Release|Any CPU
		{FD3576A2-22F4-46B0-87E2-DDD862700573}.Release|ARM.Build.0 = Release|Any CPU
		{FD3576A2-22F4-46B0-87E2-DDD862700573}.Release|x64.ActiveCfg = Release|Any CPU
		{FD3576A2-22F4-46B0-87E2-DDD862700573}.Release|x64.Build.0 = Release|Any CPU
		{FD3576A2-22F4-46B0-87E2-DDD862700573}.Release|x86.ActiveCfg = Release|Any CPU
		{FD3576A2-22F4-46B0-87E2-DDD862700573}.Release|x86.Build.0 = Release|Any CPU
		{02F35775-2BA5-4BBD-AE72-0FDA9E142087}.Debug|Any CPU.ActiveCfg = Debug|Any CPU
		{02F35775-2BA5-4BBD-AE72-0FDA9E142087}.Debug|Any CPU.Build.0 = Debug|Any CPU
		{02F35775-2BA5-4BBD-AE72-0FDA9E142087}.Debug|ARM.ActiveCfg = Debug|Any CPU
		{02F35775-2BA5-4BBD-AE72-0FDA9E142087}.Debug|ARM.Build.0 = Debug|Any CPU
		{02F35775-2BA5-4BBD-AE72-0FDA9E142087}.Debug|x64.ActiveCfg = Debug|Any CPU
		{02F35775-2BA5-4BBD-AE72-0FDA9E142087}.Debug|x64.Build.0 = Debug|Any CPU
		{02F35775-2BA5-4BBD-AE72-0FDA9E142087}.Debug|x86.ActiveCfg = Debug|Any CPU
		{02F35775-2BA5-4BBD-AE72-0FDA9E142087}.Debug|x86.Build.0 = Debug|Any CPU
		{02F35775-2BA5-4BBD-AE72-0FDA9E142087}.Release|Any CPU.ActiveCfg = Release|Any CPU
		{02F35775-2BA5-4BBD-AE72-0FDA9E142087}.Release|Any CPU.Build.0 = Release|Any CPU
		{02F35775-2BA5-4BBD-AE72-0FDA9E142087}.Release|ARM.ActiveCfg = Release|Any CPU
		{02F35775-2BA5-4BBD-AE72-0FDA9E142087}.Release|ARM.Build.0 = Release|Any CPU
		{02F35775-2BA5-4BBD-AE72-0FDA9E142087}.Release|x64.ActiveCfg = Release|Any CPU
		{02F35775-2BA5-4BBD-AE72-0FDA9E142087}.Release|x64.Build.0 = Release|Any CPU
		{02F35775-2BA5-4BBD-AE72-0FDA9E142087}.Release|x86.ActiveCfg = Release|Any CPU
		{02F35775-2BA5-4BBD-AE72-0FDA9E142087}.Release|x86.Build.0 = Release|Any CPU
		{EF7CC2E2-B634-44E5-BA0C-AE78D23A041B}.Debug|Any CPU.ActiveCfg = Debug|Any CPU
		{EF7CC2E2-B634-44E5-BA0C-AE78D23A041B}.Debug|Any CPU.Build.0 = Debug|Any CPU
		{EF7CC2E2-B634-44E5-BA0C-AE78D23A041B}.Debug|ARM.ActiveCfg = Debug|Any CPU
		{EF7CC2E2-B634-44E5-BA0C-AE78D23A041B}.Debug|ARM.Build.0 = Debug|Any CPU
		{EF7CC2E2-B634-44E5-BA0C-AE78D23A041B}.Debug|x64.ActiveCfg = Debug|Any CPU
		{EF7CC2E2-B634-44E5-BA0C-AE78D23A041B}.Debug|x64.Build.0 = Debug|Any CPU
		{EF7CC2E2-B634-44E5-BA0C-AE78D23A041B}.Debug|x86.ActiveCfg = Debug|Any CPU
		{EF7CC2E2-B634-44E5-BA0C-AE78D23A041B}.Debug|x86.Build.0 = Debug|Any CPU
		{EF7CC2E2-B634-44E5-BA0C-AE78D23A041B}.Release|Any CPU.ActiveCfg = Release|Any CPU
		{EF7CC2E2-B634-44E5-BA0C-AE78D23A041B}.Release|Any CPU.Build.0 = Release|Any CPU
		{EF7CC2E2-B634-44E5-BA0C-AE78D23A041B}.Release|ARM.ActiveCfg = Release|Any CPU
		{EF7CC2E2-B634-44E5-BA0C-AE78D23A041B}.Release|ARM.Build.0 = Release|Any CPU
		{EF7CC2E2-B634-44E5-BA0C-AE78D23A041B}.Release|x64.ActiveCfg = Release|Any CPU
		{EF7CC2E2-B634-44E5-BA0C-AE78D23A041B}.Release|x64.Build.0 = Release|Any CPU
		{EF7CC2E2-B634-44E5-BA0C-AE78D23A041B}.Release|x86.ActiveCfg = Release|Any CPU
		{EF7CC2E2-B634-44E5-BA0C-AE78D23A041B}.Release|x86.Build.0 = Release|Any CPU
		{A0A83799-A2C3-4551-BF0A-B83DA7EE2338}.Debug|Any CPU.ActiveCfg = Debug|Any CPU
		{A0A83799-A2C3-4551-BF0A-B83DA7EE2338}.Debug|Any CPU.Build.0 = Debug|Any CPU
		{A0A83799-A2C3-4551-BF0A-B83DA7EE2338}.Debug|ARM.ActiveCfg = Debug|Any CPU
		{A0A83799-A2C3-4551-BF0A-B83DA7EE2338}.Debug|ARM.Build.0 = Debug|Any CPU
		{A0A83799-A2C3-4551-BF0A-B83DA7EE2338}.Debug|x64.ActiveCfg = Debug|Any CPU
		{A0A83799-A2C3-4551-BF0A-B83DA7EE2338}.Debug|x64.Build.0 = Debug|Any CPU
		{A0A83799-A2C3-4551-BF0A-B83DA7EE2338}.Debug|x86.ActiveCfg = Debug|Any CPU
		{A0A83799-A2C3-4551-BF0A-B83DA7EE2338}.Debug|x86.Build.0 = Debug|Any CPU
		{A0A83799-A2C3-4551-BF0A-B83DA7EE2338}.Release|Any CPU.ActiveCfg = Release|Any CPU
		{A0A83799-A2C3-4551-BF0A-B83DA7EE2338}.Release|Any CPU.Build.0 = Release|Any CPU
		{A0A83799-A2C3-4551-BF0A-B83DA7EE2338}.Release|ARM.ActiveCfg = Release|Any CPU
		{A0A83799-A2C3-4551-BF0A-B83DA7EE2338}.Release|ARM.Build.0 = Release|Any CPU
		{A0A83799-A2C3-4551-BF0A-B83DA7EE2338}.Release|x64.ActiveCfg = Release|Any CPU
		{A0A83799-A2C3-4551-BF0A-B83DA7EE2338}.Release|x64.Build.0 = Release|Any CPU
		{A0A83799-A2C3-4551-BF0A-B83DA7EE2338}.Release|x86.ActiveCfg = Release|Any CPU
		{A0A83799-A2C3-4551-BF0A-B83DA7EE2338}.Release|x86.Build.0 = Release|Any CPU
		{58556474-C5D8-445E-BF8C-86BB57BC9698}.Debug|Any CPU.ActiveCfg = Debug|Any CPU
		{58556474-C5D8-445E-BF8C-86BB57BC9698}.Debug|Any CPU.Build.0 = Debug|Any CPU
		{58556474-C5D8-445E-BF8C-86BB57BC9698}.Debug|ARM.ActiveCfg = Debug|Any CPU
		{58556474-C5D8-445E-BF8C-86BB57BC9698}.Debug|ARM.Build.0 = Debug|Any CPU
		{58556474-C5D8-445E-BF8C-86BB57BC9698}.Debug|x64.ActiveCfg = Debug|Any CPU
		{58556474-C5D8-445E-BF8C-86BB57BC9698}.Debug|x64.Build.0 = Debug|Any CPU
		{58556474-C5D8-445E-BF8C-86BB57BC9698}.Debug|x86.ActiveCfg = Debug|Any CPU
		{58556474-C5D8-445E-BF8C-86BB57BC9698}.Debug|x86.Build.0 = Debug|Any CPU
		{58556474-C5D8-445E-BF8C-86BB57BC9698}.Release|Any CPU.ActiveCfg = Release|Any CPU
		{58556474-C5D8-445E-BF8C-86BB57BC9698}.Release|Any CPU.Build.0 = Release|Any CPU
		{58556474-C5D8-445E-BF8C-86BB57BC9698}.Release|ARM.ActiveCfg = Release|Any CPU
		{58556474-C5D8-445E-BF8C-86BB57BC9698}.Release|ARM.Build.0 = Release|Any CPU
		{58556474-C5D8-445E-BF8C-86BB57BC9698}.Release|x64.ActiveCfg = Release|Any CPU
		{58556474-C5D8-445E-BF8C-86BB57BC9698}.Release|x64.Build.0 = Release|Any CPU
		{58556474-C5D8-445E-BF8C-86BB57BC9698}.Release|x86.ActiveCfg = Release|Any CPU
		{58556474-C5D8-445E-BF8C-86BB57BC9698}.Release|x86.Build.0 = Release|Any CPU
		{F0BD7DE7-11A4-4F5B-BF3A-004606C6379B}.Debug|Any CPU.ActiveCfg = Debug|Any CPU
		{F0BD7DE7-11A4-4F5B-BF3A-004606C6379B}.Debug|Any CPU.Build.0 = Debug|Any CPU
		{F0BD7DE7-11A4-4F5B-BF3A-004606C6379B}.Debug|ARM.ActiveCfg = Debug|Any CPU
		{F0BD7DE7-11A4-4F5B-BF3A-004606C6379B}.Debug|ARM.Build.0 = Debug|Any CPU
		{F0BD7DE7-11A4-4F5B-BF3A-004606C6379B}.Debug|x64.ActiveCfg = Debug|Any CPU
		{F0BD7DE7-11A4-4F5B-BF3A-004606C6379B}.Debug|x64.Build.0 = Debug|Any CPU
		{F0BD7DE7-11A4-4F5B-BF3A-004606C6379B}.Debug|x86.ActiveCfg = Debug|Any CPU
		{F0BD7DE7-11A4-4F5B-BF3A-004606C6379B}.Debug|x86.Build.0 = Debug|Any CPU
		{F0BD7DE7-11A4-4F5B-BF3A-004606C6379B}.Release|Any CPU.ActiveCfg = Release|Any CPU
		{F0BD7DE7-11A4-4F5B-BF3A-004606C6379B}.Release|Any CPU.Build.0 = Release|Any CPU
		{F0BD7DE7-11A4-4F5B-BF3A-004606C6379B}.Release|ARM.ActiveCfg = Release|Any CPU
		{F0BD7DE7-11A4-4F5B-BF3A-004606C6379B}.Release|ARM.Build.0 = Release|Any CPU
		{F0BD7DE7-11A4-4F5B-BF3A-004606C6379B}.Release|x64.ActiveCfg = Release|Any CPU
		{F0BD7DE7-11A4-4F5B-BF3A-004606C6379B}.Release|x64.Build.0 = Release|Any CPU
		{F0BD7DE7-11A4-4F5B-BF3A-004606C6379B}.Release|x86.ActiveCfg = Release|Any CPU
		{F0BD7DE7-11A4-4F5B-BF3A-004606C6379B}.Release|x86.Build.0 = Release|Any CPU
		{E6A549FD-174E-4314-AFC1-2F13BBA87641}.Debug|Any CPU.ActiveCfg = Debug|Any CPU
		{E6A549FD-174E-4314-AFC1-2F13BBA87641}.Debug|Any CPU.Build.0 = Debug|Any CPU
		{E6A549FD-174E-4314-AFC1-2F13BBA87641}.Debug|ARM.ActiveCfg = Debug|Any CPU
		{E6A549FD-174E-4314-AFC1-2F13BBA87641}.Debug|ARM.Build.0 = Debug|Any CPU
		{E6A549FD-174E-4314-AFC1-2F13BBA87641}.Debug|x64.ActiveCfg = Debug|Any CPU
		{E6A549FD-174E-4314-AFC1-2F13BBA87641}.Debug|x64.Build.0 = Debug|Any CPU
		{E6A549FD-174E-4314-AFC1-2F13BBA87641}.Debug|x86.ActiveCfg = Debug|Any CPU
		{E6A549FD-174E-4314-AFC1-2F13BBA87641}.Debug|x86.Build.0 = Debug|Any CPU
		{E6A549FD-174E-4314-AFC1-2F13BBA87641}.Release|Any CPU.ActiveCfg = Release|Any CPU
		{E6A549FD-174E-4314-AFC1-2F13BBA87641}.Release|Any CPU.Build.0 = Release|Any CPU
		{E6A549FD-174E-4314-AFC1-2F13BBA87641}.Release|ARM.ActiveCfg = Release|Any CPU
		{E6A549FD-174E-4314-AFC1-2F13BBA87641}.Release|ARM.Build.0 = Release|Any CPU
		{E6A549FD-174E-4314-AFC1-2F13BBA87641}.Release|x64.ActiveCfg = Release|Any CPU
		{E6A549FD-174E-4314-AFC1-2F13BBA87641}.Release|x64.Build.0 = Release|Any CPU
		{E6A549FD-174E-4314-AFC1-2F13BBA87641}.Release|x86.ActiveCfg = Release|Any CPU
		{E6A549FD-174E-4314-AFC1-2F13BBA87641}.Release|x86.Build.0 = Release|Any CPU
		{15878B83-6922-440F-8B27-9567E26A7AB3}.Debug|Any CPU.ActiveCfg = Debug|Any CPU
		{15878B83-6922-440F-8B27-9567E26A7AB3}.Debug|Any CPU.Build.0 = Debug|Any CPU
		{15878B83-6922-440F-8B27-9567E26A7AB3}.Debug|ARM.ActiveCfg = Debug|Any CPU
		{15878B83-6922-440F-8B27-9567E26A7AB3}.Debug|ARM.Build.0 = Debug|Any CPU
		{15878B83-6922-440F-8B27-9567E26A7AB3}.Debug|x64.ActiveCfg = Debug|Any CPU
		{15878B83-6922-440F-8B27-9567E26A7AB3}.Debug|x64.Build.0 = Debug|Any CPU
		{15878B83-6922-440F-8B27-9567E26A7AB3}.Debug|x86.ActiveCfg = Debug|Any CPU
		{15878B83-6922-440F-8B27-9567E26A7AB3}.Debug|x86.Build.0 = Debug|Any CPU
		{15878B83-6922-440F-8B27-9567E26A7AB3}.Release|Any CPU.ActiveCfg = Release|Any CPU
		{15878B83-6922-440F-8B27-9567E26A7AB3}.Release|Any CPU.Build.0 = Release|Any CPU
		{15878B83-6922-440F-8B27-9567E26A7AB3}.Release|ARM.ActiveCfg = Release|Any CPU
		{15878B83-6922-440F-8B27-9567E26A7AB3}.Release|ARM.Build.0 = Release|Any CPU
		{15878B83-6922-440F-8B27-9567E26A7AB3}.Release|x64.ActiveCfg = Release|Any CPU
		{15878B83-6922-440F-8B27-9567E26A7AB3}.Release|x64.Build.0 = Release|Any CPU
		{15878B83-6922-440F-8B27-9567E26A7AB3}.Release|x86.ActiveCfg = Release|Any CPU
		{15878B83-6922-440F-8B27-9567E26A7AB3}.Release|x86.Build.0 = Release|Any CPU
		{75596A04-01AD-450D-8449-0621DD3814A5}.Debug|Any CPU.ActiveCfg = Debug|Any CPU
		{75596A04-01AD-450D-8449-0621DD3814A5}.Debug|Any CPU.Build.0 = Debug|Any CPU
		{75596A04-01AD-450D-8449-0621DD3814A5}.Debug|ARM.ActiveCfg = Debug|Any CPU
		{75596A04-01AD-450D-8449-0621DD3814A5}.Debug|ARM.Build.0 = Debug|Any CPU
		{75596A04-01AD-450D-8449-0621DD3814A5}.Debug|x64.ActiveCfg = Debug|Any CPU
		{75596A04-01AD-450D-8449-0621DD3814A5}.Debug|x64.Build.0 = Debug|Any CPU
		{75596A04-01AD-450D-8449-0621DD3814A5}.Debug|x86.ActiveCfg = Debug|Any CPU
		{75596A04-01AD-450D-8449-0621DD3814A5}.Debug|x86.Build.0 = Debug|Any CPU
		{75596A04-01AD-450D-8449-0621DD3814A5}.Release|Any CPU.ActiveCfg = Release|Any CPU
		{75596A04-01AD-450D-8449-0621DD3814A5}.Release|Any CPU.Build.0 = Release|Any CPU
		{75596A04-01AD-450D-8449-0621DD3814A5}.Release|ARM.ActiveCfg = Release|Any CPU
		{75596A04-01AD-450D-8449-0621DD3814A5}.Release|ARM.Build.0 = Release|Any CPU
		{75596A04-01AD-450D-8449-0621DD3814A5}.Release|x64.ActiveCfg = Release|Any CPU
		{75596A04-01AD-450D-8449-0621DD3814A5}.Release|x64.Build.0 = Release|Any CPU
		{75596A04-01AD-450D-8449-0621DD3814A5}.Release|x86.ActiveCfg = Release|Any CPU
		{75596A04-01AD-450D-8449-0621DD3814A5}.Release|x86.Build.0 = Release|Any CPU
	EndGlobalSection
	GlobalSection(SolutionProperties) = preSolution
		HideSolutionNode = FALSE
	EndGlobalSection
EndGlobal
