
Microsoft Visual Studio Solution File, Format Version 12.00
# Visual Studio 15
VisualStudioVersion = 15.0.26403.7
MinimumVisualStudioVersion = 10.0.40219.1
Project("{FAE04EC0-301F-11D3-BF4B-00C04F79EFBC}") = "Regex", "Regex\Regex.csproj", "{779A9C03-1EFB-4974-9B56-1DE97AB98C40}"
EndProject
Project("{FAE04EC0-301F-11D3-BF4B-00C04F79EFBC}") = "Extracts Email", "Extracts Email\Extracts Email.csproj", "{D4B0DA6C-9BE8-4AA9-B863-A0506400F0BE}"
EndProject
Project("{FAE04EC0-301F-11D3-BF4B-00C04F79EFBC}") = "Extract Sentences by keyword", "Extract Sentences by keyword\Extract Sentences by keyword.csproj", "{E7546CD2-AA0F-4196-8469-B2C7B1C436AA}"
EndProject
Project("{FAE04EC0-301F-11D3-BF4B-00C04F79EFBC}") = "Camera View", "Camera View\Camera View.csproj", "{DE7828AB-1367-46E4-A252-6F6D71FCE4A8}"
EndProject
Project("{FAE04EC0-301F-11D3-BF4B-00C04F79EFBC}") = "Weather", "Weather\Weather.csproj", "{2E07AF07-8820-41B3-8658-D9EBDE20CC01}"
EndProject
Project("{FAE04EC0-301F-11D3-BF4B-00C04F79EFBC}") = "Key Replacer", "Key Replacer\Key Replacer.csproj", "{613E0788-063E-412F-8612-98CC0711B8ED}"
EndProject
Project("{FAE04EC0-301F-11D3-BF4B-00C04F79EFBC}") = "Valid Usernames", "Valid Usernames\Valid Usernames.csproj", "{96E9F18A-1CBE-429F-8B08-782958015555}"
EndProject
Project("{FAE04EC0-301F-11D3-BF4B-00C04F79EFBC}") = "Query mess", "Query mess\Query mess.csproj", "{358333D9-07FA-4A26-9786-25493A8A3E9E}"
EndProject
Project("{FAE04EC0-301F-11D3-BF4B-00C04F79EFBC}") = "Use your chins, buddy", "Use your chins, buddy\Use your chins, buddy.csproj", "{C9654396-08B8-4006-81AF-4022D9BAD297}"
EndProject
Global
	GlobalSection(SolutionConfigurationPlatforms) = preSolution
		Debug|Any CPU = Debug|Any CPU
		Debug|ARM = Debug|ARM
		Debug|x64 = Debug|x64
		Debug|x86 = Debug|x86
		Release|Any CPU = Release|Any CPU
		Release|ARM = Release|ARM
		Release|x64 = Release|x64
		Release|x86 = Release|x86
	EndGlobalSection
	GlobalSection(ProjectConfigurationPlatforms) = postSolution
		{779A9C03-1EFB-4974-9B56-1DE97AB98C40}.Debug|Any CPU.ActiveCfg = Debug|x86
		{779A9C03-1EFB-4974-9B56-1DE97AB98C40}.Debug|ARM.ActiveCfg = Debug|ARM
		{779A9C03-1EFB-4974-9B56-1DE97AB98C40}.Debug|ARM.Build.0 = Debug|ARM
		{779A9C03-1EFB-4974-9B56-1DE97AB98C40}.Debug|ARM.Deploy.0 = Debug|ARM
		{779A9C03-1EFB-4974-9B56-1DE97AB98C40}.Debug|x64.ActiveCfg = Debug|x64
		{779A9C03-1EFB-4974-9B56-1DE97AB98C40}.Debug|x64.Build.0 = Debug|x64
		{779A9C03-1EFB-4974-9B56-1DE97AB98C40}.Debug|x64.Deploy.0 = Debug|x64
		{779A9C03-1EFB-4974-9B56-1DE97AB98C40}.Debug|x86.ActiveCfg = Debug|x86
		{779A9C03-1EFB-4974-9B56-1DE97AB98C40}.Debug|x86.Build.0 = Debug|x86
		{779A9C03-1EFB-4974-9B56-1DE97AB98C40}.Debug|x86.Deploy.0 = Debug|x86
		{779A9C03-1EFB-4974-9B56-1DE97AB98C40}.Release|Any CPU.ActiveCfg = Release|x86
		{779A9C03-1EFB-4974-9B56-1DE97AB98C40}.Release|ARM.ActiveCfg = Release|ARM
		{779A9C03-1EFB-4974-9B56-1DE97AB98C40}.Release|ARM.Build.0 = Release|ARM
		{779A9C03-1EFB-4974-9B56-1DE97AB98C40}.Release|ARM.Deploy.0 = Release|ARM
		{779A9C03-1EFB-4974-9B56-1DE97AB98C40}.Release|x64.ActiveCfg = Release|x64
		{779A9C03-1EFB-4974-9B56-1DE97AB98C40}.Release|x64.Build.0 = Release|x64
		{779A9C03-1EFB-4974-9B56-1DE97AB98C40}.Release|x64.Deploy.0 = Release|x64
		{779A9C03-1EFB-4974-9B56-1DE97AB98C40}.Release|x86.ActiveCfg = Release|x86
		{779A9C03-1EFB-4974-9B56-1DE97AB98C40}.Release|x86.Build.0 = Release|x86
		{779A9C03-1EFB-4974-9B56-1DE97AB98C40}.Release|x86.Deploy.0 = Release|x86
		{D4B0DA6C-9BE8-4AA9-B863-A0506400F0BE}.Debug|Any CPU.ActiveCfg = Debug|Any CPU
		{D4B0DA6C-9BE8-4AA9-B863-A0506400F0BE}.Debug|Any CPU.Build.0 = Debug|Any CPU
		{D4B0DA6C-9BE8-4AA9-B863-A0506400F0BE}.Debug|ARM.ActiveCfg = Debug|Any CPU
		{D4B0DA6C-9BE8-4AA9-B863-A0506400F0BE}.Debug|ARM.Build.0 = Debug|Any CPU
		{D4B0DA6C-9BE8-4AA9-B863-A0506400F0BE}.Debug|x64.ActiveCfg = Debug|Any CPU
		{D4B0DA6C-9BE8-4AA9-B863-A0506400F0BE}.Debug|x64.Build.0 = Debug|Any CPU
		{D4B0DA6C-9BE8-4AA9-B863-A0506400F0BE}.Debug|x86.ActiveCfg = Debug|Any CPU
		{D4B0DA6C-9BE8-4AA9-B863-A0506400F0BE}.Debug|x86.Build.0 = Debug|Any CPU
		{D4B0DA6C-9BE8-4AA9-B863-A0506400F0BE}.Release|Any CPU.ActiveCfg = Release|Any CPU
		{D4B0DA6C-9BE8-4AA9-B863-A0506400F0BE}.Release|Any CPU.Build.0 = Release|Any CPU
		{D4B0DA6C-9BE8-4AA9-B863-A0506400F0BE}.Release|ARM.ActiveCfg = Release|Any CPU
		{D4B0DA6C-9BE8-4AA9-B863-A0506400F0BE}.Release|ARM.Build.0 = Release|Any CPU
		{D4B0DA6C-9BE8-4AA9-B863-A0506400F0BE}.Release|x64.ActiveCfg = Release|Any CPU
		{D4B0DA6C-9BE8-4AA9-B863-A0506400F0BE}.Release|x64.Build.0 = Release|Any CPU
		{D4B0DA6C-9BE8-4AA9-B863-A0506400F0BE}.Release|x86.ActiveCfg = Release|Any CPU
		{D4B0DA6C-9BE8-4AA9-B863-A0506400F0BE}.Release|x86.Build.0 = Release|Any CPU
		{E7546CD2-AA0F-4196-8469-B2C7B1C436AA}.Debug|Any CPU.ActiveCfg = Debug|Any CPU
		{E7546CD2-AA0F-4196-8469-B2C7B1C436AA}.Debug|Any CPU.Build.0 = Debug|Any CPU
		{E7546CD2-AA0F-4196-8469-B2C7B1C436AA}.Debug|ARM.ActiveCfg = Debug|Any CPU
		{E7546CD2-AA0F-4196-8469-B2C7B1C436AA}.Debug|ARM.Build.0 = Debug|Any CPU
		{E7546CD2-AA0F-4196-8469-B2C7B1C436AA}.Debug|x64.ActiveCfg = Debug|Any CPU
		{E7546CD2-AA0F-4196-8469-B2C7B1C436AA}.Debug|x64.Build.0 = Debug|Any CPU
		{E7546CD2-AA0F-4196-8469-B2C7B1C436AA}.Debug|x86.ActiveCfg = Debug|Any CPU
		{E7546CD2-AA0F-4196-8469-B2C7B1C436AA}.Debug|x86.Build.0 = Debug|Any CPU
		{E7546CD2-AA0F-4196-8469-B2C7B1C436AA}.Release|Any CPU.ActiveCfg = Release|Any CPU
		{E7546CD2-AA0F-4196-8469-B2C7B1C436AA}.Release|Any CPU.Build.0 = Release|Any CPU
		{E7546CD2-AA0F-4196-8469-B2C7B1C436AA}.Release|ARM.ActiveCfg = Release|Any CPU
		{E7546CD2-AA0F-4196-8469-B2C7B1C436AA}.Release|ARM.Build.0 = Release|Any CPU
		{E7546CD2-AA0F-4196-8469-B2C7B1C436AA}.Release|x64.ActiveCfg = Release|Any CPU
		{E7546CD2-AA0F-4196-8469-B2C7B1C436AA}.Release|x64.Build.0 = Release|Any CPU
		{E7546CD2-AA0F-4196-8469-B2C7B1C436AA}.Release|x86.ActiveCfg = Release|Any CPU
		{E7546CD2-AA0F-4196-8469-B2C7B1C436AA}.Release|x86.Build.0 = Release|Any CPU
		{DE7828AB-1367-46E4-A252-6F6D71FCE4A8}.Debug|Any CPU.ActiveCfg = Debug|Any CPU
		{DE7828AB-1367-46E4-A252-6F6D71FCE4A8}.Debug|Any CPU.Build.0 = Debug|Any CPU
		{DE7828AB-1367-46E4-A252-6F6D71FCE4A8}.Debug|ARM.ActiveCfg = Debug|Any CPU
		{DE7828AB-1367-46E4-A252-6F6D71FCE4A8}.Debug|ARM.Build.0 = Debug|Any CPU
		{DE7828AB-1367-46E4-A252-6F6D71FCE4A8}.Debug|x64.ActiveCfg = Debug|Any CPU
		{DE7828AB-1367-46E4-A252-6F6D71FCE4A8}.Debug|x64.Build.0 = Debug|Any CPU
		{DE7828AB-1367-46E4-A252-6F6D71FCE4A8}.Debug|x86.ActiveCfg = Debug|Any CPU
		{DE7828AB-1367-46E4-A252-6F6D71FCE4A8}.Debug|x86.Build.0 = Debug|Any CPU
		{DE7828AB-1367-46E4-A252-6F6D71FCE4A8}.Release|Any CPU.ActiveCfg = Release|Any CPU
		{DE7828AB-1367-46E4-A252-6F6D71FCE4A8}.Release|Any CPU.Build.0 = Release|Any CPU
		{DE7828AB-1367-46E4-A252-6F6D71FCE4A8}.Release|ARM.ActiveCfg = Release|Any CPU
		{DE7828AB-1367-46E4-A252-6F6D71FCE4A8}.Release|ARM.Build.0 = Release|Any CPU
		{DE7828AB-1367-46E4-A252-6F6D71FCE4A8}.Release|x64.ActiveCfg = Release|Any CPU
		{DE7828AB-1367-46E4-A252-6F6D71FCE4A8}.Release|x64.Build.0 = Release|Any CPU
		{DE7828AB-1367-46E4-A252-6F6D71FCE4A8}.Release|x86.ActiveCfg = Release|Any CPU
		{DE7828AB-1367-46E4-A252-6F6D71FCE4A8}.Release|x86.Build.0 = Release|Any CPU
		{2E07AF07-8820-41B3-8658-D9EBDE20CC01}.Debug|Any CPU.ActiveCfg = Debug|Any CPU
		{2E07AF07-8820-41B3-8658-D9EBDE20CC01}.Debug|Any CPU.Build.0 = Debug|Any CPU
		{2E07AF07-8820-41B3-8658-D9EBDE20CC01}.Debug|ARM.ActiveCfg = Debug|Any CPU
		{2E07AF07-8820-41B3-8658-D9EBDE20CC01}.Debug|ARM.Build.0 = Debug|Any CPU
		{2E07AF07-8820-41B3-8658-D9EBDE20CC01}.Debug|x64.ActiveCfg = Debug|Any CPU
		{2E07AF07-8820-41B3-8658-D9EBDE20CC01}.Debug|x64.Build.0 = Debug|Any CPU
		{2E07AF07-8820-41B3-8658-D9EBDE20CC01}.Debug|x86.ActiveCfg = Debug|Any CPU
		{2E07AF07-8820-41B3-8658-D9EBDE20CC01}.Debug|x86.Build.0 = Debug|Any CPU
		{2E07AF07-8820-41B3-8658-D9EBDE20CC01}.Release|Any CPU.ActiveCfg = Release|Any CPU
		{2E07AF07-8820-41B3-8658-D9EBDE20CC01}.Release|Any CPU.Build.0 = Release|Any CPU
		{2E07AF07-8820-41B3-8658-D9EBDE20CC01}.Release|ARM.ActiveCfg = Release|Any CPU
		{2E07AF07-8820-41B3-8658-D9EBDE20CC01}.Release|ARM.Build.0 = Release|Any CPU
		{2E07AF07-8820-41B3-8658-D9EBDE20CC01}.Release|x64.ActiveCfg = Release|Any CPU
		{2E07AF07-8820-41B3-8658-D9EBDE20CC01}.Release|x64.Build.0 = Release|Any CPU
		{2E07AF07-8820-41B3-8658-D9EBDE20CC01}.Release|x86.ActiveCfg = Release|Any CPU
		{2E07AF07-8820-41B3-8658-D9EBDE20CC01}.Release|x86.Build.0 = Release|Any CPU
		{613E0788-063E-412F-8612-98CC0711B8ED}.Debug|Any CPU.ActiveCfg = Debug|Any CPU
		{613E0788-063E-412F-8612-98CC0711B8ED}.Debug|Any CPU.Build.0 = Debug|Any CPU
		{613E0788-063E-412F-8612-98CC0711B8ED}.Debug|ARM.ActiveCfg = Debug|Any CPU
		{613E0788-063E-412F-8612-98CC0711B8ED}.Debug|ARM.Build.0 = Debug|Any CPU
		{613E0788-063E-412F-8612-98CC0711B8ED}.Debug|x64.ActiveCfg = Debug|Any CPU
		{613E0788-063E-412F-8612-98CC0711B8ED}.Debug|x64.Build.0 = Debug|Any CPU
		{613E0788-063E-412F-8612-98CC0711B8ED}.Debug|x86.ActiveCfg = Debug|Any CPU
		{613E0788-063E-412F-8612-98CC0711B8ED}.Debug|x86.Build.0 = Debug|Any CPU
		{613E0788-063E-412F-8612-98CC0711B8ED}.Release|Any CPU.ActiveCfg = Release|Any CPU
		{613E0788-063E-412F-8612-98CC0711B8ED}.Release|Any CPU.Build.0 = Release|Any CPU
		{613E0788-063E-412F-8612-98CC0711B8ED}.Release|ARM.ActiveCfg = Release|Any CPU
		{613E0788-063E-412F-8612-98CC0711B8ED}.Release|ARM.Build.0 = Release|Any CPU
		{613E0788-063E-412F-8612-98CC0711B8ED}.Release|x64.ActiveCfg = Release|Any CPU
		{613E0788-063E-412F-8612-98CC0711B8ED}.Release|x64.Build.0 = Release|Any CPU
		{613E0788-063E-412F-8612-98CC0711B8ED}.Release|x86.ActiveCfg = Release|Any CPU
		{613E0788-063E-412F-8612-98CC0711B8ED}.Release|x86.Build.0 = Release|Any CPU
		{96E9F18A-1CBE-429F-8B08-782958015555}.Debug|Any CPU.ActiveCfg = Debug|Any CPU
		{96E9F18A-1CBE-429F-8B08-782958015555}.Debug|Any CPU.Build.0 = Debug|Any CPU
		{96E9F18A-1CBE-429F-8B08-782958015555}.Debug|ARM.ActiveCfg = Debug|Any CPU
		{96E9F18A-1CBE-429F-8B08-782958015555}.Debug|ARM.Build.0 = Debug|Any CPU
		{96E9F18A-1CBE-429F-8B08-782958015555}.Debug|x64.ActiveCfg = Debug|Any CPU
		{96E9F18A-1CBE-429F-8B08-782958015555}.Debug|x64.Build.0 = Debug|Any CPU
		{96E9F18A-1CBE-429F-8B08-782958015555}.Debug|x86.ActiveCfg = Debug|Any CPU
		{96E9F18A-1CBE-429F-8B08-782958015555}.Debug|x86.Build.0 = Debug|Any CPU
		{96E9F18A-1CBE-429F-8B08-782958015555}.Release|Any CPU.ActiveCfg = Release|Any CPU
		{96E9F18A-1CBE-429F-8B08-782958015555}.Release|Any CPU.Build.0 = Release|Any CPU
		{96E9F18A-1CBE-429F-8B08-782958015555}.Release|ARM.ActiveCfg = Release|Any CPU
		{96E9F18A-1CBE-429F-8B08-782958015555}.Release|ARM.Build.0 = Release|Any CPU
		{96E9F18A-1CBE-429F-8B08-782958015555}.Release|x64.ActiveCfg = Release|Any CPU
		{96E9F18A-1CBE-429F-8B08-782958015555}.Release|x64.Build.0 = Release|Any CPU
		{96E9F18A-1CBE-429F-8B08-782958015555}.Release|x86.ActiveCfg = Release|Any CPU
		{96E9F18A-1CBE-429F-8B08-782958015555}.Release|x86.Build.0 = Release|Any CPU
		{358333D9-07FA-4A26-9786-25493A8A3E9E}.Debug|Any CPU.ActiveCfg = Debug|Any CPU
		{358333D9-07FA-4A26-9786-25493A8A3E9E}.Debug|Any CPU.Build.0 = Debug|Any CPU
		{358333D9-07FA-4A26-9786-25493A8A3E9E}.Debug|ARM.ActiveCfg = Debug|Any CPU
		{358333D9-07FA-4A26-9786-25493A8A3E9E}.Debug|ARM.Build.0 = Debug|Any CPU
		{358333D9-07FA-4A26-9786-25493A8A3E9E}.Debug|x64.ActiveCfg = Debug|Any CPU
		{358333D9-07FA-4A26-9786-25493A8A3E9E}.Debug|x64.Build.0 = Debug|Any CPU
		{358333D9-07FA-4A26-9786-25493A8A3E9E}.Debug|x86.ActiveCfg = Debug|Any CPU
		{358333D9-07FA-4A26-9786-25493A8A3E9E}.Debug|x86.Build.0 = Debug|Any CPU
		{358333D9-07FA-4A26-9786-25493A8A3E9E}.Release|Any CPU.ActiveCfg = Release|Any CPU
		{358333D9-07FA-4A26-9786-25493A8A3E9E}.Release|Any CPU.Build.0 = Release|Any CPU
		{358333D9-07FA-4A26-9786-25493A8A3E9E}.Release|ARM.ActiveCfg = Release|Any CPU
		{358333D9-07FA-4A26-9786-25493A8A3E9E}.Release|ARM.Build.0 = Release|Any CPU
		{358333D9-07FA-4A26-9786-25493A8A3E9E}.Release|x64.ActiveCfg = Release|Any CPU
		{358333D9-07FA-4A26-9786-25493A8A3E9E}.Release|x64.Build.0 = Release|Any CPU
		{358333D9-07FA-4A26-9786-25493A8A3E9E}.Release|x86.ActiveCfg = Release|Any CPU
		{358333D9-07FA-4A26-9786-25493A8A3E9E}.Release|x86.Build.0 = Release|Any CPU
		{C9654396-08B8-4006-81AF-4022D9BAD297}.Debug|Any CPU.ActiveCfg = Debug|Any CPU
		{C9654396-08B8-4006-81AF-4022D9BAD297}.Debug|Any CPU.Build.0 = Debug|Any CPU
		{C9654396-08B8-4006-81AF-4022D9BAD297}.Debug|ARM.ActiveCfg = Debug|Any CPU
		{C9654396-08B8-4006-81AF-4022D9BAD297}.Debug|ARM.Build.0 = Debug|Any CPU
		{C9654396-08B8-4006-81AF-4022D9BAD297}.Debug|x64.ActiveCfg = Debug|Any CPU
		{C9654396-08B8-4006-81AF-4022D9BAD297}.Debug|x64.Build.0 = Debug|Any CPU
		{C9654396-08B8-4006-81AF-4022D9BAD297}.Debug|x86.ActiveCfg = Debug|Any CPU
		{C9654396-08B8-4006-81AF-4022D9BAD297}.Debug|x86.Build.0 = Debug|Any CPU
		{C9654396-08B8-4006-81AF-4022D9BAD297}.Release|Any CPU.ActiveCfg = Release|Any CPU
		{C9654396-08B8-4006-81AF-4022D9BAD297}.Release|Any CPU.Build.0 = Release|Any CPU
		{C9654396-08B8-4006-81AF-4022D9BAD297}.Release|ARM.ActiveCfg = Release|Any CPU
		{C9654396-08B8-4006-81AF-4022D9BAD297}.Release|ARM.Build.0 = Release|Any CPU
		{C9654396-08B8-4006-81AF-4022D9BAD297}.Release|x64.ActiveCfg = Release|Any CPU
		{C9654396-08B8-4006-81AF-4022D9BAD297}.Release|x64.Build.0 = Release|Any CPU
		{C9654396-08B8-4006-81AF-4022D9BAD297}.Release|x86.ActiveCfg = Release|Any CPU
		{C9654396-08B8-4006-81AF-4022D9BAD297}.Release|x86.Build.0 = Release|Any CPU
	EndGlobalSection
	GlobalSection(SolutionProperties) = preSolution
		HideSolutionNode = FALSE
	EndGlobalSection
EndGlobal
